
Microsoft Visual Studio Solution File, Format Version 12.00
# Visual Studio Version 17
VisualStudioVersion = 17.5.2.0
MinimumVisualStudioVersion = 10.0.40219.1
Project("{FAE04EC0-301F-11D3-BF4B-00C04F79EFBC}") = "第五节： 练习 - 具有可选参数的方法", "第五节： 练习 - 具有可选参数的方法.csproj", "{15B11560-EC8C-97C2-471E-2D97DE0F9A00}"
EndProject
Global
	GlobalSection(SolutionConfigurationPlatforms) = preSolution
		Debug|Any CPU = Debug|Any CPU
		Release|Any CPU = Release|Any CPU
	EndGlobalSection
	GlobalSection(ProjectConfigurationPlatforms) = postSolution
		{15B11560-EC8C-97C2-471E-2D97DE0F9A00}.Debug|Any CPU.ActiveCfg = Debug|Any CPU
		{15B11560-EC8C-97C2-471E-2D97DE0F9A00}.Debug|Any CPU.Build.0 = Debug|Any CPU
		{15B11560-EC8C-97C2-471E-2D97DE0F9A00}.Release|Any CPU.ActiveCfg = Release|Any CPU
		{15B11560-EC8C-97C2-471E-2D97DE0F9A00}.Release|Any CPU.Build.0 = Release|Any CPU
	EndGlobalSection
	GlobalSection(SolutionProperties) = preSolution
		HideSolutionNode = FALSE
	EndGlobalSection
	GlobalSection(ExtensibilityGlobals) = postSolution
		SolutionGuid = {27C652FA-185A-4F24-9898-3B0223D54175}
	EndGlobalSection
EndGlobal
