
Microsoft Visual Studio Solution File, Format Version 12.00
# Visual Studio Version 17
VisualStudioVersion = 17.14.37216.2 d17.14
MinimumVisualStudioVersion = 10.0.40219.1
Project("{8BC9CEB8-8B4A-11D0-8D11-00A0C91BC942}") = "2048小游戏", "2048小游戏\2048小游戏.vcxproj", "{372D5610-CFE4-4DC2-9C6D-F1AEC5E72997}"
EndProject
Global
	GlobalSection(SolutionConfigurationPlatforms) = preSolution
		Debug|x64 = Debug|x64
		Debug|x86 = Debug|x86
		Release|x64 = Release|x64
		Release|x86 = Release|x86
	EndGlobalSection
	GlobalSection(ProjectConfigurationPlatforms) = postSolution
		{372D5610-CFE4-4DC2-9C6D-F1AEC5E72997}.Debug|x64.ActiveCfg = Debug|x64
		{372D5610-CFE4-4DC2-9C6D-F1AEC5E72997}.Debug|x64.Build.0 = Debug|x64
		{372D5610-CFE4-4DC2-9C6D-F1AEC5E72997}.Debug|x86.ActiveCfg = Debug|Win32
		{372D5610-CFE4-4DC2-9C6D-F1AEC5E72997}.Debug|x86.Build.0 = Debug|Win32
		{372D5610-CFE4-4DC2-9C6D-F1AEC5E72997}.Release|x64.ActiveCfg = Release|x64
		{372D5610-CFE4-4DC2-9C6D-F1AEC5E72997}.Release|x64.Build.0 = Release|x64
		{372D5610-CFE4-4DC2-9C6D-F1AEC5E72997}.Release|x86.ActiveCfg = Release|Win32
		{372D5610-CFE4-4DC2-9C6D-F1AEC5E72997}.Release|x86.Build.0 = Release|Win32
	EndGlobalSection
	GlobalSection(SolutionProperties) = preSolution
		HideSolutionNode = FALSE
	EndGlobalSection
	GlobalSection(ExtensibilityGlobals) = postSolution
		SolutionGuid = {BA21DBC7-6B0A-415C-9652-0E7775847A4F}
	EndGlobalSection
EndGlobal
