Microsoft Visual Studio Solution File, Format Version 12.00
# Visual Studio Version 17
VisualStudioVersion = 17.5.2.0
MinimumVisualStudioVersion = 10.0.40219.1
Project("{FAE04EC0-301F-11D3-BF4B-00C04F79EFBC}") = "music", "music.csproj", "{2F87869C-6B77-0551-EA3E-8D9D898B466D}"
EndProject
Global
	GlobalSection(SolutionConfigurationPlatforms) = preSolution
		Debug|Any CPU = Debug|Any CPU
		Release|Any CPU = Release|Any CPU
	EndGlobalSection
	GlobalSection(ProjectConfigurationPlatforms) = postSolution
		{2F87869C-6B77-0551-EA3E-8D9D898B466D}.Debug|Any CPU.ActiveCfg = Debug|Any CPU
		{2F87869C-6B77-0551-EA3E-8D9D898B466D}.Debug|Any CPU.Build.0 = Debug|Any CPU
		{2F87869C-6B77-0551-EA3E-8D9D898B466D}.Release|Any CPU.ActiveCfg = Release|Any CPU
		{2F87869C-6B77-0551-EA3E-8D9D898B466D}.Release|Any CPU.Build.0 = Release|Any CPU
	EndGlobalSection
	GlobalSection(SolutionProperties) = preSolution
		HideSolutionNode = FALSE
	EndGlobalSection
	GlobalSection(ExtensibilityGlobals) = postSolution
		SolutionGuid = {3D8E8E9F-8489-4295-8E1B-9A6A9BC0F7A9}
	EndGlobalSection
EndGlobal
