Microsoft Visual Studio Solution File, Format Version 12.00
# Visual Studio Version 17
VisualStudioVersion = 17.5.2.0
MinimumVisualStudioVersion = 10.0.40219.1
Project("{FAE04EC0-301F-11D3-BF4B-00C04F79EFBC}") = "Player", "Player\Player.csproj", "{B6DD9AEA-A424-54BE-230C-A56A38399C2F}"
EndProject
Global
	GlobalSection(SolutionConfigurationPlatforms) = preSolution
		Debug|Any CPU = Debug|Any CPU
		Release|Any CPU = Release|Any CPU
	EndGlobalSection
	GlobalSection(ProjectConfigurationPlatforms) = postSolution
		{B6DD9AEA-A424-54BE-230C-A56A38399C2F}.Debug|Any CPU.ActiveCfg = Debug|Any CPU
		{B6DD9AEA-A424-54BE-230C-A56A38399C2F}.Debug|Any CPU.Build.0 = Debug|Any CPU
		{B6DD9AEA-A424-54BE-230C-A56A38399C2F}.Release|Any CPU.ActiveCfg = Release|Any CPU
		{B6DD9AEA-A424-54BE-230C-A56A38399C2F}.Release|Any CPU.Build.0 = Release|Any CPU
	EndGlobalSection
	GlobalSection(SolutionProperties) = preSolution
		HideSolutionNode = FALSE
	EndGlobalSection
	GlobalSection(ExtensibilityGlobals) = postSolution
		SolutionGuid = {B53C9956-5F1A-4760-BACF-FF313C26F6A2}
	EndGlobalSection
EndGlobal
