
Microsoft Visual Studio Solution File, Format Version 12.00
# Visual Studio Version 17
VisualStudioVersion = 17.5.2.0
MinimumVisualStudioVersion = 10.0.40219.1
Project("{2150E333-8FDC-42A3-9474-1A3956D46DE8}") = "Solution", "Solution", "{284B0C48-6525-F3F5-CD5D-7841BD44174A}"
EndProject
Project("{2150E333-8FDC-42A3-9474-1A3956D46DE8}") = "Starter", "Starter", "{5D6F351A-6629-B7F4-AAEF-5AAE92D8C891}"
EndProject
Project("{FAE04EC0-301F-11D3-BF4B-00C04F79EFBC}") = "Classes_M3", "Solution\Classes_M3.csproj", "{4E7E913F-B802-E7EE-4BC0-716FCC6715DC}"
EndProject
Project("{FAE04EC0-301F-11D3-BF4B-00C04F79EFBC}") = "Classes_M3", "Starter\Classes_M3.csproj", "{E627AB27-1C19-1010-6776-5181A02ED449}"
EndProject
Project("{FAE04EC0-301F-11D3-BF4B-00C04F79EFBC}") = "BankCustomerMethods", "BankCustomerMethods\BankCustomerMethods.csproj", "{ABD2F7A4-F375-42A2-A622-0F10A4F94DC5}"
EndProject
Global
	GlobalSection(SolutionConfigurationPlatforms) = preSolution
		Debug|Any CPU = Debug|Any CPU
		Debug|x64 = Debug|x64
		Debug|x86 = Debug|x86
		Release|Any CPU = Release|Any CPU
		Release|x64 = Release|x64
		Release|x86 = Release|x86
	EndGlobalSection
	GlobalSection(ProjectConfigurationPlatforms) = postSolution
		{4E7E913F-B802-E7EE-4BC0-716FCC6715DC}.Debug|Any CPU.ActiveCfg = Debug|Any CPU
		{4E7E913F-B802-E7EE-4BC0-716FCC6715DC}.Debug|Any CPU.Build.0 = Debug|Any CPU
		{4E7E913F-B802-E7EE-4BC0-716FCC6715DC}.Debug|x64.ActiveCfg = Debug|Any CPU
		{4E7E913F-B802-E7EE-4BC0-716FCC6715DC}.Debug|x64.Build.0 = Debug|Any CPU
		{4E7E913F-B802-E7EE-4BC0-716FCC6715DC}.Debug|x86.ActiveCfg = Debug|Any CPU
		{4E7E913F-B802-E7EE-4BC0-716FCC6715DC}.Debug|x86.Build.0 = Debug|Any CPU
		{4E7E913F-B802-E7EE-4BC0-716FCC6715DC}.Release|Any CPU.ActiveCfg = Release|Any CPU
		{4E7E913F-B802-E7EE-4BC0-716FCC6715DC}.Release|Any CPU.Build.0 = Release|Any CPU
		{4E7E913F-B802-E7EE-4BC0-716FCC6715DC}.Release|x64.ActiveCfg = Release|Any CPU
		{4E7E913F-B802-E7EE-4BC0-716FCC6715DC}.Release|x64.Build.0 = Release|Any CPU
		{4E7E913F-B802-E7EE-4BC0-716FCC6715DC}.Release|x86.ActiveCfg = Release|Any CPU
		{4E7E913F-B802-E7EE-4BC0-716FCC6715DC}.Release|x86.Build.0 = Release|Any CPU
		{E627AB27-1C19-1010-6776-5181A02ED449}.Debug|Any CPU.ActiveCfg = Debug|Any CPU
		{E627AB27-1C19-1010-6776-5181A02ED449}.Debug|Any CPU.Build.0 = Debug|Any CPU
		{E627AB27-1C19-1010-6776-5181A02ED449}.Debug|x64.ActiveCfg = Debug|Any CPU
		{E627AB27-1C19-1010-6776-5181A02ED449}.Debug|x64.Build.0 = Debug|Any CPU
		{E627AB27-1C19-1010-6776-5181A02ED449}.Debug|x86.ActiveCfg = Debug|Any CPU
		{E627AB27-1C19-1010-6776-5181A02ED449}.Debug|x86.Build.0 = Debug|Any CPU
		{E627AB27-1C19-1010-6776-5181A02ED449}.Release|Any CPU.ActiveCfg = Release|Any CPU
		{E627AB27-1C19-1010-6776-5181A02ED449}.Release|Any CPU.Build.0 = Release|Any CPU
		{E627AB27-1C19-1010-6776-5181A02ED449}.Release|x64.ActiveCfg = Release|Any CPU
		{E627AB27-1C19-1010-6776-5181A02ED449}.Release|x64.Build.0 = Release|Any CPU
		{E627AB27-1C19-1010-6776-5181A02ED449}.Release|x86.ActiveCfg = Release|Any CPU
		{E627AB27-1C19-1010-6776-5181A02ED449}.Release|x86.Build.0 = Release|Any CPU
		{ABD2F7A4-F375-42A2-A622-0F10A4F94DC5}.Debug|Any CPU.ActiveCfg = Debug|Any CPU
		{ABD2F7A4-F375-42A2-A622-0F10A4F94DC5}.Debug|Any CPU.Build.0 = Debug|Any CPU
		{ABD2F7A4-F375-42A2-A622-0F10A4F94DC5}.Debug|x64.ActiveCfg = Debug|Any CPU
		{ABD2F7A4-F375-42A2-A622-0F10A4F94DC5}.Debug|x64.Build.0 = Debug|Any CPU
		{ABD2F7A4-F375-42A2-A622-0F10A4F94DC5}.Debug|x86.ActiveCfg = Debug|Any CPU
		{ABD2F7A4-F375-42A2-A622-0F10A4F94DC5}.Debug|x86.Build.0 = Debug|Any CPU
		{ABD2F7A4-F375-42A2-A622-0F10A4F94DC5}.Release|Any CPU.ActiveCfg = Release|Any CPU
		{ABD2F7A4-F375-42A2-A622-0F10A4F94DC5}.Release|Any CPU.Build.0 = Release|Any CPU
		{ABD2F7A4-F375-42A2-A622-0F10A4F94DC5}.Release|x64.ActiveCfg = Release|Any CPU
		{ABD2F7A4-F375-42A2-A622-0F10A4F94DC5}.Release|x64.Build.0 = Release|Any CPU
		{ABD2F7A4-F375-42A2-A622-0F10A4F94DC5}.Release|x86.ActiveCfg = Release|Any CPU
		{ABD2F7A4-F375-42A2-A622-0F10A4F94DC5}.Release|x86.Build.0 = Release|Any CPU
	EndGlobalSection
	GlobalSection(SolutionProperties) = preSolution
		HideSolutionNode = FALSE
	EndGlobalSection
	GlobalSection(NestedProjects) = preSolution
		{4E7E913F-B802-E7EE-4BC0-716FCC6715DC} = {284B0C48-6525-F3F5-CD5D-7841BD44174A}
		{E627AB27-1C19-1010-6776-5181A02ED449} = {5D6F351A-6629-B7F4-AAEF-5AAE92D8C891}
	EndGlobalSection
	GlobalSection(ExtensibilityGlobals) = postSolution
		SolutionGuid = {A320BD04-7E8F-4CB9-9728-0D491FB48981}
	EndGlobalSection
EndGlobal
