
Microsoft Visual Studio Solution File, Format Version 12.00
# Visual Studio Version 17
VisualStudioVersion = 17.5.2.0
MinimumVisualStudioVersion = 10.0.40219.1
Project("{FAE04EC0-301F-11D3-BF4B-00C04F79EFBC}") = "第六结.练习", "第六结.练习.csproj", "{5131CE5F-FFB9-0615-591A-21036AF6C8AD}"
EndProject
Global
	GlobalSection(SolutionConfigurationPlatforms) = preSolution
		Debug|Any CPU = Debug|Any CPU
		Release|Any CPU = Release|Any CPU
	EndGlobalSection
	GlobalSection(ProjectConfigurationPlatforms) = postSolution
		{5131CE5F-FFB9-0615-591A-21036AF6C8AD}.Debug|Any CPU.ActiveCfg = Debug|Any CPU
		{5131CE5F-FFB9-0615-591A-21036AF6C8AD}.Debug|Any CPU.Build.0 = Debug|Any CPU
		{5131CE5F-FFB9-0615-591A-21036AF6C8AD}.Release|Any CPU.ActiveCfg = Release|Any CPU
		{5131CE5F-FFB9-0615-591A-21036AF6C8AD}.Release|Any CPU.Build.0 = Release|Any CPU
	EndGlobalSection
	GlobalSection(SolutionProperties) = preSolution
		HideSolutionNode = FALSE
	EndGlobalSection
	GlobalSection(ExtensibilityGlobals) = postSolution
		SolutionGuid = {737220B0-D65F-44A8-A6F1-069AC23C1E9A}
	EndGlobalSection
EndGlobal
