Microsoft Visual Studio Solution File, Format Version 12.00
# Visual Studio Version 17
VisualStudioVersion = 17.5.2.0
MinimumVisualStudioVersion = 10.0.40219.1
Project("{FAE04EC0-301F-11D3-BF4B-00C04F79EFBC}") = "DateTimePractice", "DateTimePractice.csproj", "{20BD1423-97CB-6AB7-0DFC-5A4B734E3105}"
EndProject
Global
	GlobalSection(SolutionConfigurationPlatforms) = preSolution
		Debug|Any CPU = Debug|Any CPU
		Release|Any CPU = Release|Any CPU
	EndGlobalSection
	GlobalSection(ProjectConfigurationPlatforms) = postSolution
		{20BD1423-97CB-6AB7-0DFC-5A4B734E3105}.Debug|Any CPU.ActiveCfg = Debug|Any CPU
		{20BD1423-97CB-6AB7-0DFC-5A4B734E3105}.Debug|Any CPU.Build.0 = Debug|Any CPU
		{20BD1423-97CB-6AB7-0DFC-5A4B734E3105}.Release|Any CPU.ActiveCfg = Release|Any CPU
		{20BD1423-97CB-6AB7-0DFC-5A4B734E3105}.Release|Any CPU.Build.0 = Release|Any CPU
	EndGlobalSection
	GlobalSection(SolutionProperties) = preSolution
		HideSolutionNode = FALSE
	EndGlobalSection
	GlobalSection(ExtensibilityGlobals) = postSolution
		SolutionGuid = {F8A5B1DE-802B-48AF-A710-06E9B274AD37}
	EndGlobalSection
EndGlobal
