
Microsoft Visual Studio Solution File, Format Version 12.00
# Visual Studio Version 17
VisualStudioVersion = 17.14.37314.3
MinimumVisualStudioVersion = 10.0.40219.1
Project("{FAE04EC0-301F-11D3-BF4B-00C04F79EFBC}") = "MathSample", "ObjectsAndTypes\MathSample\MathSample.csproj", "{CC4486A1-7D90-4600-9B0B-7593A021772B}"
EndProject
Project("{FAE04EC0-301F-11D3-BF4B-00C04F79EFBC}") = "StructsSample", "ObjectsAndTypes\StructsSample\StructsSample.csproj", "{DF4D1299-F71F-4948-B042-6368BAF00A22}"
EndProject
Project("{FAE04EC0-301F-11D3-BF4B-00C04F79EFBC}") = "PassingByValueAndReference", "ObjectsAndTypes\PassingByValueAndReference\PassingByValueAndReference.csproj", "{0DA59808-8959-4DD0-BB1D-E73C04F7CED4}"
EndProject
Project("{FAE04EC0-301F-11D3-BF4B-00C04F79EFBC}") = "EnumSample", "ObjectsAndTypes\EnumSample\EnumSample.csproj", "{D980D7A6-C07C-79E8-184B-1C6063A83C73}"
EndProject
Project("{FAE04EC0-301F-11D3-BF4B-00C04F79EFBC}") = "ExtensionMethods", "ObjectsAndTypes\ExtensionMethods\ExtensionMethods.csproj", "{7F7CC576-206B-4492-B853-057B468D720A}"
EndProject
Global
	GlobalSection(SolutionConfigurationPlatforms) = preSolution
		Debug|Any CPU = Debug|Any CPU
		Release|Any CPU = Release|Any CPU
	EndGlobalSection
	GlobalSection(ProjectConfigurationPlatforms) = postSolution
		{CC4486A1-7D90-4600-9B0B-7593A021772B}.Debug|Any CPU.ActiveCfg = Debug|Any CPU
		{CC4486A1-7D90-4600-9B0B-7593A021772B}.Debug|Any CPU.Build.0 = Debug|Any CPU
		{CC4486A1-7D90-4600-9B0B-7593A021772B}.Release|Any CPU.ActiveCfg = Release|Any CPU
		{CC4486A1-7D90-4600-9B0B-7593A021772B}.Release|Any CPU.Build.0 = Release|Any CPU
		{DF4D1299-F71F-4948-B042-6368BAF00A22}.Debug|Any CPU.ActiveCfg = Debug|Any CPU
		{DF4D1299-F71F-4948-B042-6368BAF00A22}.Debug|Any CPU.Build.0 = Debug|Any CPU
		{DF4D1299-F71F-4948-B042-6368BAF00A22}.Release|Any CPU.ActiveCfg = Release|Any CPU
		{DF4D1299-F71F-4948-B042-6368BAF00A22}.Release|Any CPU.Build.0 = Release|Any CPU
		{0DA59808-8959-4DD0-BB1D-E73C04F7CED4}.Debug|Any CPU.ActiveCfg = Debug|Any CPU
		{0DA59808-8959-4DD0-BB1D-E73C04F7CED4}.Debug|Any CPU.Build.0 = Debug|Any CPU
		{0DA59808-8959-4DD0-BB1D-E73C04F7CED4}.Release|Any CPU.ActiveCfg = Release|Any CPU
		{0DA59808-8959-4DD0-BB1D-E73C04F7CED4}.Release|Any CPU.Build.0 = Release|Any CPU
		{D980D7A6-C07C-79E8-184B-1C6063A83C73}.Debug|Any CPU.ActiveCfg = Debug|Any CPU
		{D980D7A6-C07C-79E8-184B-1C6063A83C73}.Debug|Any CPU.Build.0 = Debug|Any CPU
		{D980D7A6-C07C-79E8-184B-1C6063A83C73}.Release|Any CPU.ActiveCfg = Release|Any CPU
		{D980D7A6-C07C-79E8-184B-1C6063A83C73}.Release|Any CPU.Build.0 = Release|Any CPU
		{7F7CC576-206B-4492-B853-057B468D720A}.Debug|Any CPU.ActiveCfg = Debug|Any CPU
		{7F7CC576-206B-4492-B853-057B468D720A}.Debug|Any CPU.Build.0 = Debug|Any CPU
		{7F7CC576-206B-4492-B853-057B468D720A}.Release|Any CPU.ActiveCfg = Release|Any CPU
		{7F7CC576-206B-4492-B853-057B468D720A}.Release|Any CPU.Build.0 = Release|Any CPU
	EndGlobalSection
	GlobalSection(SolutionProperties) = preSolution
		HideSolutionNode = FALSE
	EndGlobalSection
	GlobalSection(ExtensibilityGlobals) = postSolution
		SolutionGuid = {C4D15B75-6CC6-481B-B4E7-94997517F15F}
	EndGlobalSection
EndGlobal
