
Microsoft Visual Studio Solution File, Format Version 12.00
# Visual Studio Version 17
VisualStudioVersion = 17.5.2.0
MinimumVisualStudioVersion = 10.0.40219.1
Project("{FAE04EC0-301F-11D3-BF4B-00C04F79EFBC}") = "C#中的类", "C#中的类.csproj", "{93C2B714-97D8-5364-09B7-B303A9C25787}"
EndProject
Global
	GlobalSection(SolutionConfigurationPlatforms) = preSolution
		Debug|Any CPU = Debug|Any CPU
		Release|Any CPU = Release|Any CPU
	EndGlobalSection
	GlobalSection(ProjectConfigurationPlatforms) = postSolution
		{93C2B714-97D8-5364-09B7-B303A9C25787}.Debug|Any CPU.ActiveCfg = Debug|Any CPU
		{93C2B714-97D8-5364-09B7-B303A9C25787}.Debug|Any CPU.Build.0 = Debug|Any CPU
		{93C2B714-97D8-5364-09B7-B303A9C25787}.Release|Any CPU.ActiveCfg = Release|Any CPU
		{93C2B714-97D8-5364-09B7-B303A9C25787}.Release|Any CPU.Build.0 = Release|Any CPU
	EndGlobalSection
	GlobalSection(SolutionProperties) = preSolution
		HideSolutionNode = FALSE
	EndGlobalSection
	GlobalSection(ExtensibilityGlobals) = postSolution
		SolutionGuid = {EE910529-C7C4-467B-BF91-370B609C8FB9}
	EndGlobalSection
EndGlobal
