Microsoft Visual Studio Solution File, Format Version 12.00
# Visual Studio Version 17
VisualStudioVersion = 17.5.2.0
MinimumVisualStudioVersion = 10.0.40219.1
Project("{FAE04EC0-301F-11D3-BF4B-00C04F79EFBC}") = "FileManagement", "FileManagement.csproj", "{DFE5F8FC-0836-E0EB-7453-4FBABAFBDE62}"
EndProject
Global
	GlobalSection(SolutionConfigurationPlatforms) = preSolution
		Debug|Any CPU = Debug|Any CPU
		Release|Any CPU = Release|Any CPU
	EndGlobalSection
	GlobalSection(ProjectConfigurationPlatforms) = postSolution
		{DFE5F8FC-0836-E0EB-7453-4FBABAFBDE62}.Debug|Any CPU.ActiveCfg = Debug|Any CPU
		{DFE5F8FC-0836-E0EB-7453-4FBABAFBDE62}.Debug|Any CPU.Build.0 = Debug|Any CPU
		{DFE5F8FC-0836-E0EB-7453-4FBABAFBDE62}.Release|Any CPU.ActiveCfg = Release|Any CPU
		{DFE5F8FC-0836-E0EB-7453-4FBABAFBDE62}.Release|Any CPU.Build.0 = Release|Any CPU
	EndGlobalSection
	GlobalSection(SolutionProperties) = preSolution
		HideSolutionNode = FALSE
	EndGlobalSection
	GlobalSection(ExtensibilityGlobals) = postSolution
		SolutionGuid = {4DCA2952-97D1-482E-85D0-8468926F9D1D}
	EndGlobalSection
EndGlobal
