
Microsoft Visual Studio Solution File, Format Version 12.00
# Visual Studio Version 17
VisualStudioVersion = 17.14.36414.22 d17.14
MinimumVisualStudioVersion = 10.0.40219.1
Project("{FAE04EC0-301F-11D3-BF4B-00C04F79EFBC}") = "C#1", "C#1.csproj", "{61E21C4D-0957-49E7-906F-1144D1ECAF4C}"
EndProject
Global
	GlobalSection(SolutionConfigurationPlatforms) = preSolution
		Debug|Any CPU = Debug|Any CPU
		Release|Any CPU = Release|Any CPU
	EndGlobalSection
	GlobalSection(ProjectConfigurationPlatforms) = postSolution
		{61E21C4D-0957-49E7-906F-1144D1ECAF4C}.Debug|Any CPU.ActiveCfg = Debug|Any CPU
		{61E21C4D-0957-49E7-906F-1144D1ECAF4C}.Debug|Any CPU.Build.0 = Debug|Any CPU
		{61E21C4D-0957-49E7-906F-1144D1ECAF4C}.Release|Any CPU.ActiveCfg = Release|Any CPU
		{61E21C4D-0957-49E7-906F-1144D1ECAF4C}.Release|Any CPU.Build.0 = Release|Any CPU
	EndGlobalSection
	GlobalSection(SolutionProperties) = preSolution
		HideSolutionNode = FALSE
	EndGlobalSection
	GlobalSection(ExtensibilityGlobals) = postSolution
		SolutionGuid = {FBD5A29E-E14A-4C33-A3D1-5636574D222D}
	EndGlobalSection
EndGlobal
