
Microsoft Visual Studio Solution File, Format Version 12.00
# Visual Studio Version 17
VisualStudioVersion = 17.14.36414.22 d17.14
MinimumVisualStudioVersion = 10.0.40219.1
Project("{FAE04EC0-301F-11D3-BF4B-00C04F79EFBC}") = "第7张", "第7张.csproj", "{FEAE2299-7BC5-442F-B887-1930D1E8FB02}"
EndProject
Global
	GlobalSection(SolutionConfigurationPlatforms) = preSolution
		Debug|Any CPU = Debug|Any CPU
		Release|Any CPU = Release|Any CPU
	EndGlobalSection
	GlobalSection(ProjectConfigurationPlatforms) = postSolution
		{FEAE2299-7BC5-442F-B887-1930D1E8FB02}.Debug|Any CPU.ActiveCfg = Debug|Any CPU
		{FEAE2299-7BC5-442F-B887-1930D1E8FB02}.Debug|Any CPU.Build.0 = Debug|Any CPU
		{FEAE2299-7BC5-442F-B887-1930D1E8FB02}.Release|Any CPU.ActiveCfg = Release|Any CPU
		{FEAE2299-7BC5-442F-B887-1930D1E8FB02}.Release|Any CPU.Build.0 = Release|Any CPU
	EndGlobalSection
	GlobalSection(SolutionProperties) = preSolution
		HideSolutionNode = FALSE
	EndGlobalSection
	GlobalSection(ExtensibilityGlobals) = postSolution
		SolutionGuid = {C71B70EB-568F-40BD-8489-6A211D504A86}
	EndGlobalSection
EndGlobal
