
Microsoft Visual Studio Solution File, Format Version 12.00
# Visual Studio Version 17
VisualStudioVersion = 17.5.2.0
MinimumVisualStudioVersion = 10.0.40219.1
Project("{FAE04EC0-301F-11D3-BF4B-00C04F79EFBC}") = "练习空格", "练习空格.csproj", "{44492469-CEB3-5DAC-5501-3EE5851FA8FB}"
EndProject
Global
	GlobalSection(SolutionConfigurationPlatforms) = preSolution
		Debug|Any CPU = Debug|Any CPU
		Release|Any CPU = Release|Any CPU
	EndGlobalSection
	GlobalSection(ProjectConfigurationPlatforms) = postSolution
		{44492469-CEB3-5DAC-5501-3EE5851FA8FB}.Debug|Any CPU.ActiveCfg = Debug|Any CPU
		{44492469-CEB3-5DAC-5501-3EE5851FA8FB}.Debug|Any CPU.Build.0 = Debug|Any CPU
		{44492469-CEB3-5DAC-5501-3EE5851FA8FB}.Release|Any CPU.ActiveCfg = Release|Any CPU
		{44492469-CEB3-5DAC-5501-3EE5851FA8FB}.Release|Any CPU.Build.0 = Release|Any CPU
	EndGlobalSection
	GlobalSection(SolutionProperties) = preSolution
		HideSolutionNode = FALSE
	EndGlobalSection
	GlobalSection(ExtensibilityGlobals) = postSolution
		SolutionGuid = {D97915F7-6F22-4C7F-BA31-BA821217E1E7}
	EndGlobalSection
EndGlobal
