Microsoft Visual Studio Solution File, Format Version 12.00
# Visual Studio Version 17
VisualStudioVersion = 17.5.2.0
MinimumVisualStudioVersion = 10.0.40219.1
Project("{2150E333-8FDC-42A3-9474-1A3956D46DE8}") = "Solution", "Solution", "{284B0C48-6525-F3F5-CD5D-7841BD44174A}"
EndProject
Project("{2150E333-8FDC-42A3-9474-1A3956D46DE8}") = "Starter", "Starter", "{5D6F351A-6629-B7F4-AAEF-5AAE92D8C891}"
EndProject
Project("{FAE04EC0-301F-11D3-BF4B-00C04F79EFBC}") = "Files_M2", "Solution\Files_M2.csproj", "{3DB2BB65-7042-E3C3-1BA7-47CC9F97ADBE}"
EndProject
Project("{FAE04EC0-301F-11D3-BF4B-00C04F79EFBC}") = "Files_M2", "Starter\Files_M2.csproj", "{1F7EA406-CABE-FC5C-EAC2-BB2B6F54BA4A}"
EndProject
Global
	GlobalSection(SolutionConfigurationPlatforms) = preSolution
		Debug|Any CPU = Debug|Any CPU
		Release|Any CPU = Release|Any CPU
	EndGlobalSection
	GlobalSection(ProjectConfigurationPlatforms) = postSolution
		{3DB2BB65-7042-E3C3-1BA7-47CC9F97ADBE}.Debug|Any CPU.ActiveCfg = Debug|Any CPU
		{3DB2BB65-7042-E3C3-1BA7-47CC9F97ADBE}.Debug|Any CPU.Build.0 = Debug|Any CPU
		{3DB2BB65-7042-E3C3-1BA7-47CC9F97ADBE}.Release|Any CPU.ActiveCfg = Release|Any CPU
		{3DB2BB65-7042-E3C3-1BA7-47CC9F97ADBE}.Release|Any CPU.Build.0 = Release|Any CPU
		{1F7EA406-CABE-FC5C-EAC2-BB2B6F54BA4A}.Debug|Any CPU.ActiveCfg = Debug|Any CPU
		{1F7EA406-CABE-FC5C-EAC2-BB2B6F54BA4A}.Debug|Any CPU.Build.0 = Debug|Any CPU
		{1F7EA406-CABE-FC5C-EAC2-BB2B6F54BA4A}.Release|Any CPU.ActiveCfg = Release|Any CPU
		{1F7EA406-CABE-FC5C-EAC2-BB2B6F54BA4A}.Release|Any CPU.Build.0 = Release|Any CPU
	EndGlobalSection
	GlobalSection(SolutionProperties) = preSolution
		HideSolutionNode = FALSE
	EndGlobalSection
	GlobalSection(NestedProjects) = preSolution
		{3DB2BB65-7042-E3C3-1BA7-47CC9F97ADBE} = {284B0C48-6525-F3F5-CD5D-7841BD44174A}
		{1F7EA406-CABE-FC5C-EAC2-BB2B6F54BA4A} = {5D6F351A-6629-B7F4-AAEF-5AAE92D8C891}
	EndGlobalSection
	GlobalSection(ExtensibilityGlobals) = postSolution
		SolutionGuid = {9DC2A328-5FD2-4711-91B8-D1543A6356D4}
	EndGlobalSection
EndGlobal
