Microsoft Visual Studio Solution File, Format Version 12.00
# Visual Studio Version 17
VisualStudioVersion = 17.5.2.0
MinimumVisualStudioVersion = 10.0.40219.1
Project("{2150E333-8FDC-42A3-9474-1A3956D46DE8}") = "Solution", "Solution", "{284B0C48-6525-F3F5-CD5D-7841BD44174A}"
EndProject
Project("{2150E333-8FDC-42A3-9474-1A3956D46DE8}") = "Starter", "Starter", "{5D6F351A-6629-B7F4-AAEF-5AAE92D8C891}"
EndProject
Project("{FAE04EC0-301F-11D3-BF4B-00C04F79EFBC}") = "Files_M1", "Solution\Files_M1.csproj", "{609AF89D-75DF-2368-37EC-6CD3EB0326F6}"
EndProject
Project("{FAE04EC0-301F-11D3-BF4B-00C04F79EFBC}") = "Files_M1", "Starter\Files_M1.csproj", "{B2EE20E5-A937-EFB4-8C06-122B9824FD26}"
EndProject
Global
	GlobalSection(SolutionConfigurationPlatforms) = preSolution
		Debug|Any CPU = Debug|Any CPU
		Release|Any CPU = Release|Any CPU
	EndGlobalSection
	GlobalSection(ProjectConfigurationPlatforms) = postSolution
		{609AF89D-75DF-2368-37EC-6CD3EB0326F6}.Debug|Any CPU.ActiveCfg = Debug|Any CPU
		{609AF89D-75DF-2368-37EC-6CD3EB0326F6}.Debug|Any CPU.Build.0 = Debug|Any CPU
		{609AF89D-75DF-2368-37EC-6CD3EB0326F6}.Release|Any CPU.ActiveCfg = Release|Any CPU
		{609AF89D-75DF-2368-37EC-6CD3EB0326F6}.Release|Any CPU.Build.0 = Release|Any CPU
		{B2EE20E5-A937-EFB4-8C06-122B9824FD26}.Debug|Any CPU.ActiveCfg = Debug|Any CPU
		{B2EE20E5-A937-EFB4-8C06-122B9824FD26}.Debug|Any CPU.Build.0 = Debug|Any CPU
		{B2EE20E5-A937-EFB4-8C06-122B9824FD26}.Release|Any CPU.ActiveCfg = Release|Any CPU
		{B2EE20E5-A937-EFB4-8C06-122B9824FD26}.Release|Any CPU.Build.0 = Release|Any CPU
	EndGlobalSection
	GlobalSection(SolutionProperties) = preSolution
		HideSolutionNode = FALSE
	EndGlobalSection
	GlobalSection(NestedProjects) = preSolution
		{609AF89D-75DF-2368-37EC-6CD3EB0326F6} = {284B0C48-6525-F3F5-CD5D-7841BD44174A}
		{B2EE20E5-A937-EFB4-8C06-122B9824FD26} = {5D6F351A-6629-B7F4-AAEF-5AAE92D8C891}
	EndGlobalSection
	GlobalSection(ExtensibilityGlobals) = postSolution
		SolutionGuid = {1949E7C1-0B2A-4313-AC0E-50FBA391F6AE}
	EndGlobalSection
EndGlobal
