
Microsoft Visual Studio Solution File, Format Version 12.00
# Visual Studio Version 17
VisualStudioVersion = 17.14.36414.22
MinimumVisualStudioVersion = 10.0.40219.1
Project("{FAE04EC0-301F-11D3-BF4B-00C04F79EFBC}") = "计算器", "计算器\计算器.csproj", "{0AD71145-8C27-4BA9-BA87-91DDA79EFCB8}"
EndProject
Project("{FAE04EC0-301F-11D3-BF4B-00C04F79EFBC}") = "CalculatorLibrary", "CalculatorLibrary\CalculatorLibrary.csproj", "{8396B069-3D6E-484C-809F-8FA529B2CA5A}"
EndProject
Global
	GlobalSection(SolutionConfigurationPlatforms) = preSolution
		Debug|Any CPU = Debug|Any CPU
		Release|Any CPU = Release|Any CPU
	EndGlobalSection
	GlobalSection(ProjectConfigurationPlatforms) = postSolution
		{0AD71145-8C27-4BA9-BA87-91DDA79EFCB8}.Debug|Any CPU.ActiveCfg = Debug|Any CPU
		{0AD71145-8C27-4BA9-BA87-91DDA79EFCB8}.Debug|Any CPU.Build.0 = Debug|Any CPU
		{0AD71145-8C27-4BA9-BA87-91DDA79EFCB8}.Release|Any CPU.ActiveCfg = Release|Any CPU
		{0AD71145-8C27-4BA9-BA87-91DDA79EFCB8}.Release|Any CPU.Build.0 = Release|Any CPU
		{8396B069-3D6E-484C-809F-8FA529B2CA5A}.Debug|Any CPU.ActiveCfg = Debug|Any CPU
		{8396B069-3D6E-484C-809F-8FA529B2CA5A}.Debug|Any CPU.Build.0 = Debug|Any CPU
		{8396B069-3D6E-484C-809F-8FA529B2CA5A}.Release|Any CPU.ActiveCfg = Release|Any CPU
		{8396B069-3D6E-484C-809F-8FA529B2CA5A}.Release|Any CPU.Build.0 = Release|Any CPU
	EndGlobalSection
	GlobalSection(SolutionProperties) = preSolution
		HideSolutionNode = FALSE
	EndGlobalSection
	GlobalSection(ExtensibilityGlobals) = postSolution
		SolutionGuid = {685B6ED9-8CC7-46B4-A340-06450260D43B}
	EndGlobalSection
EndGlobal
