
Microsoft Visual Studio Solution File, Format Version 12.00
# Visual Studio Version 17
VisualStudioVersion = 17.14.37328.6 d17.14
MinimumVisualStudioVersion = 10.0.40219.1
Project("{FAE04EC0-301F-11D3-BF4B-00C04F79EFBC}") = "P2", "P2.csproj", "{692866C3-46B8-EEFD-6220-BA4080180AAF}"
EndProject
Global
	GlobalSection(SolutionConfigurationPlatforms) = preSolution
		Debug|Any CPU = Debug|Any CPU
		Release|Any CPU = Release|Any CPU
	EndGlobalSection
	GlobalSection(ProjectConfigurationPlatforms) = postSolution
		{692866C3-46B8-EEFD-6220-BA4080180AAF}.Debug|Any CPU.ActiveCfg = Debug|Any CPU
		{692866C3-46B8-EEFD-6220-BA4080180AAF}.Debug|Any CPU.Build.0 = Debug|Any CPU
		{692866C3-46B8-EEFD-6220-BA4080180AAF}.Release|Any CPU.ActiveCfg = Release|Any CPU
		{692866C3-46B8-EEFD-6220-BA4080180AAF}.Release|Any CPU.Build.0 = Release|Any CPU
	EndGlobalSection
	GlobalSection(SolutionProperties) = preSolution
		HideSolutionNode = FALSE
	EndGlobalSection
	GlobalSection(ExtensibilityGlobals) = postSolution
		SolutionGuid = {0AA7CD30-DB1F-460A-827A-C1B81C36611B}
	EndGlobalSection
EndGlobal
