
Microsoft Visual Studio Solution File, Format Version 12.00
# Visual Studio Version 17
VisualStudioVersion = 17.14.36414.22 d17.14
MinimumVisualStudioVersion = 10.0.40219.1
Project("{FAE04EC0-301F-11D3-BF4B-00C04F79EFBC}") = "第2张", "第2张\第2张.csproj", "{7A483D4B-F808-4958-BCC7-122F1C45A8C0}"
EndProject
Global
	GlobalSection(SolutionConfigurationPlatforms) = preSolution
		Debug|Any CPU = Debug|Any CPU
		Release|Any CPU = Release|Any CPU
	EndGlobalSection
	GlobalSection(ProjectConfigurationPlatforms) = postSolution
		{7A483D4B-F808-4958-BCC7-122F1C45A8C0}.Debug|Any CPU.ActiveCfg = Debug|Any CPU
		{7A483D4B-F808-4958-BCC7-122F1C45A8C0}.Debug|Any CPU.Build.0 = Debug|Any CPU
		{7A483D4B-F808-4958-BCC7-122F1C45A8C0}.Release|Any CPU.ActiveCfg = Release|Any CPU
		{7A483D4B-F808-4958-BCC7-122F1C45A8C0}.Release|Any CPU.Build.0 = Release|Any CPU
	EndGlobalSection
	GlobalSection(SolutionProperties) = preSolution
		HideSolutionNode = FALSE
	EndGlobalSection
	GlobalSection(ExtensibilityGlobals) = postSolution
		SolutionGuid = {8DC4D7CA-10D2-4849-A81B-4B9BEDA212FA}
	EndGlobalSection
EndGlobal
