Microsoft Visual Studio Solution File, Format Version 12.00
# Visual Studio Version 17
VisualStudioVersion = 17.5.2.0
MinimumVisualStudioVersion = 10.0.40219.1
Project("{2150E333-8FDC-42A3-9474-1A3956D46DE8}") = "Files_M1", "Files_M1", "{6161E3FE-0010-6C34-FC2B-DAE42C393602}"
EndProject
Project("{2150E333-8FDC-42A3-9474-1A3956D46DE8}") = "Files_M2", "Files_M2", "{C51DF1EE-77FE-FDCE-B9AC-956157828DD0}"
EndProject
Project("{2150E333-8FDC-42A3-9474-1A3956D46DE8}") = "Files_M3", "Files_M3", "{91A1513F-BC72-3CA2-11D4-95A326137DEE}"
EndProject
Project("{2150E333-8FDC-42A3-9474-1A3956D46DE8}") = "Solution", "Solution", "{92436D10-7D9B-9D6D-50A8-7063669B0A14}"
EndProject
Project("{FAE04EC0-301F-11D3-BF4B-00C04F79EFBC}") = "Files_M1", "Files_M1\Solution\Files_M1.csproj", "{CFF0A094-FBF9-490A-08C6-2CF6DB3F98EA}"
EndProject
Project("{2150E333-8FDC-42A3-9474-1A3956D46DE8}") = "Starter", "Starter", "{869F873C-40A6-3423-8E05-FEADB83F5FA7}"
EndProject
Project("{FAE04EC0-301F-11D3-BF4B-00C04F79EFBC}") = "Files_M1", "Files_M1\Starter\Files_M1.csproj", "{0AB824FE-D00B-4F18-EC5E-112CE9C4AAA8}"
EndProject
Project("{2150E333-8FDC-42A3-9474-1A3956D46DE8}") = "Solution", "Solution", "{EF0DE1D5-9F73-0ED4-20F1-293824D8B77C}"
EndProject
Project("{FAE04EC0-301F-11D3-BF4B-00C04F79EFBC}") = "Files_M2", "Files_M2\Solution\Files_M2.csproj", "{9DCCAF79-1B90-DF38-7194-79DD5919A420}"
EndProject
Project("{2150E333-8FDC-42A3-9474-1A3956D46DE8}") = "Starter", "Starter", "{77F3EA02-E76E-C901-876D-73CB71F0DF43}"
EndProject
Project("{FAE04EC0-301F-11D3-BF4B-00C04F79EFBC}") = "Files_M2", "Files_M2\Starter\Files_M2.csproj", "{AA03A3E6-5245-14CD-6F9D-50A25A966BEB}"
EndProject
Project("{2150E333-8FDC-42A3-9474-1A3956D46DE8}") = "Solution", "Solution", "{8EC5BDD4-6662-CFF3-7015-ACE7B9D76473}"
EndProject
Project("{FAE04EC0-301F-11D3-BF4B-00C04F79EFBC}") = "Files_M3", "Files_M3\Solution\Files_M3.csproj", "{F7A504D2-FE1D-3467-F104-65C165871A2D}"
EndProject
Project("{2150E333-8FDC-42A3-9474-1A3956D46DE8}") = "Starter", "Starter", "{D7852AA7-7679-BB38-F661-970A9A9CF718}"
EndProject
Project("{FAE04EC0-301F-11D3-BF4B-00C04F79EFBC}") = "Files_M3", "Files_M3\Starter\Files_M3.csproj", "{C987D9D2-36A6-2CE8-840F-C5133066501D}"
EndProject
Global
	GlobalSection(SolutionConfigurationPlatforms) = preSolution
		Debug|Any CPU = Debug|Any CPU
		Release|Any CPU = Release|Any CPU
	EndGlobalSection
	GlobalSection(ProjectConfigurationPlatforms) = postSolution
		{CFF0A094-FBF9-490A-08C6-2CF6DB3F98EA}.Debug|Any CPU.ActiveCfg = Debug|Any CPU
		{CFF0A094-FBF9-490A-08C6-2CF6DB3F98EA}.Debug|Any CPU.Build.0 = Debug|Any CPU
		{CFF0A094-FBF9-490A-08C6-2CF6DB3F98EA}.Release|Any CPU.ActiveCfg = Release|Any CPU
		{CFF0A094-FBF9-490A-08C6-2CF6DB3F98EA}.Release|Any CPU.Build.0 = Release|Any CPU
		{0AB824FE-D00B-4F18-EC5E-112CE9C4AAA8}.Debug|Any CPU.ActiveCfg = Debug|Any CPU
		{0AB824FE-D00B-4F18-EC5E-112CE9C4AAA8}.Debug|Any CPU.Build.0 = Debug|Any CPU
		{0AB824FE-D00B-4F18-EC5E-112CE9C4AAA8}.Release|Any CPU.ActiveCfg = Release|Any CPU
		{0AB824FE-D00B-4F18-EC5E-112CE9C4AAA8}.Release|Any CPU.Build.0 = Release|Any CPU
		{9DCCAF79-1B90-DF38-7194-79DD5919A420}.Debug|Any CPU.ActiveCfg = Debug|Any CPU
		{9DCCAF79-1B90-DF38-7194-79DD5919A420}.Debug|Any CPU.Build.0 = Debug|Any CPU
		{9DCCAF79-1B90-DF38-7194-79DD5919A420}.Release|Any CPU.ActiveCfg = Release|Any CPU
		{9DCCAF79-1B90-DF38-7194-79DD5919A420}.Release|Any CPU.Build.0 = Release|Any CPU
		{AA03A3E6-5245-14CD-6F9D-50A25A966BEB}.Debug|Any CPU.ActiveCfg = Debug|Any CPU
		{AA03A3E6-5245-14CD-6F9D-50A25A966BEB}.Debug|Any CPU.Build.0 = Debug|Any CPU
		{AA03A3E6-5245-14CD-6F9D-50A25A966BEB}.Release|Any CPU.ActiveCfg = Release|Any CPU
		{AA03A3E6-5245-14CD-6F9D-50A25A966BEB}.Release|Any CPU.Build.0 = Release|Any CPU
		{F7A504D2-FE1D-3467-F104-65C165871A2D}.Debug|Any CPU.ActiveCfg = Debug|Any CPU
		{F7A504D2-FE1D-3467-F104-65C165871A2D}.Debug|Any CPU.Build.0 = Debug|Any CPU
		{F7A504D2-FE1D-3467-F104-65C165871A2D}.Release|Any CPU.ActiveCfg = Release|Any CPU
		{F7A504D2-FE1D-3467-F104-65C165871A2D}.Release|Any CPU.Build.0 = Release|Any CPU
		{C987D9D2-36A6-2CE8-840F-C5133066501D}.Debug|Any CPU.ActiveCfg = Debug|Any CPU
		{C987D9D2-36A6-2CE8-840F-C5133066501D}.Debug|Any CPU.Build.0 = Debug|Any CPU
		{C987D9D2-36A6-2CE8-840F-C5133066501D}.Release|Any CPU.ActiveCfg = Release|Any CPU
		{C987D9D2-36A6-2CE8-840F-C5133066501D}.Release|Any CPU.Build.0 = Release|Any CPU
	EndGlobalSection
	GlobalSection(SolutionProperties) = preSolution
		HideSolutionNode = FALSE
	EndGlobalSection
	GlobalSection(NestedProjects) = preSolution
		{92436D10-7D9B-9D6D-50A8-7063669B0A14} = {6161E3FE-0010-6C34-FC2B-DAE42C393602}
		{CFF0A094-FBF9-490A-08C6-2CF6DB3F98EA} = {92436D10-7D9B-9D6D-50A8-7063669B0A14}
		{869F873C-40A6-3423-8E05-FEADB83F5FA7} = {6161E3FE-0010-6C34-FC2B-DAE42C393602}
		{0AB824FE-D00B-4F18-EC5E-112CE9C4AAA8} = {869F873C-40A6-3423-8E05-FEADB83F5FA7}
		{EF0DE1D5-9F73-0ED4-20F1-293824D8B77C} = {C51DF1EE-77FE-FDCE-B9AC-956157828DD0}
		{9DCCAF79-1B90-DF38-7194-79DD5919A420} = {EF0DE1D5-9F73-0ED4-20F1-293824D8B77C}
		{77F3EA02-E76E-C901-876D-73CB71F0DF43} = {C51DF1EE-77FE-FDCE-B9AC-956157828DD0}
		{AA03A3E6-5245-14CD-6F9D-50A25A966BEB} = {77F3EA02-E76E-C901-876D-73CB71F0DF43}
		{8EC5BDD4-6662-CFF3-7015-ACE7B9D76473} = {91A1513F-BC72-3CA2-11D4-95A326137DEE}
		{F7A504D2-FE1D-3467-F104-65C165871A2D} = {8EC5BDD4-6662-CFF3-7015-ACE7B9D76473}
		{D7852AA7-7679-BB38-F661-970A9A9CF718} = {91A1513F-BC72-3CA2-11D4-95A326137DEE}
		{C987D9D2-36A6-2CE8-840F-C5133066501D} = {D7852AA7-7679-BB38-F661-970A9A9CF718}
	EndGlobalSection
	GlobalSection(ExtensibilityGlobals) = postSolution
		SolutionGuid = {BFA81357-D839-43FD-9485-D4688D298ECD}
	EndGlobalSection
EndGlobal
