
Microsoft Visual Studio Solution File, Format Version 12.00
# Visual Studio Version 17
VisualStudioVersion = 17.5.2.0
MinimumVisualStudioVersion = 10.0.40219.1
Project("{FAE04EC0-301F-11D3-BF4B-00C04F79EFBC}") = "有符号类型", "有符号类型.csproj", "{E7CD0C97-C07E-AB79-9DB7-0DD874BCF66C}"
EndProject
Global
	GlobalSection(SolutionConfigurationPlatforms) = preSolution
		Debug|Any CPU = Debug|Any CPU
		Release|Any CPU = Release|Any CPU
	EndGlobalSection
	GlobalSection(ProjectConfigurationPlatforms) = postSolution
		{E7CD0C97-C07E-AB79-9DB7-0DD874BCF66C}.Debug|Any CPU.ActiveCfg = Debug|Any CPU
		{E7CD0C97-C07E-AB79-9DB7-0DD874BCF66C}.Debug|Any CPU.Build.0 = Debug|Any CPU
		{E7CD0C97-C07E-AB79-9DB7-0DD874BCF66C}.Release|Any CPU.ActiveCfg = Release|Any CPU
		{E7CD0C97-C07E-AB79-9DB7-0DD874BCF66C}.Release|Any CPU.Build.0 = Release|Any CPU
	EndGlobalSection
	GlobalSection(SolutionProperties) = preSolution
		HideSolutionNode = FALSE
	EndGlobalSection
	GlobalSection(ExtensibilityGlobals) = postSolution
		SolutionGuid = {623C2980-4464-4F6B-8C4F-A8607124E92D}
	EndGlobalSection
EndGlobal
