
Microsoft Visual Studio Solution File, Format Version 12.00
# Visual Studio Version 17
VisualStudioVersion = 17.14.36414.22
MinimumVisualStudioVersion = 10.0.40219.1
Project("{2150E333-8FDC-42A3-9474-1A3956D46DE8}") = "解决方案项", "解决方案项", "{9FA3D6BD-1EC1-3BA5-80CB-CE02773A58D5}"
EndProject
Project("{8BC9CEB8-8B4A-11D0-8D11-00A0C91BC942}") = "L2", "BCode\L2\L2.vcxproj", "{BF7A9F76-B3BC-40EF-891C-6A7FB6DADFD5}"
EndProject
Project("{8BC9CEB8-8B4A-11D0-8D11-00A0C91BC942}") = "L10", "BCode\L10\L10.vcxproj", "{41D91D77-9BC9-4F02-885E-2A0531EE5E9B}"
EndProject
Project("{8BC9CEB8-8B4A-11D0-8D11-00A0C91BC942}") = "L15", "BCode\L15\L15.vcxproj", "{F2CF5079-BD14-4124-8C88-448831CDB9BB}"
EndProject
Global
	GlobalSection(SolutionConfigurationPlatforms) = preSolution
		Debug|x64 = Debug|x64
		Debug|x86 = Debug|x86
		Release|x64 = Release|x64
		Release|x86 = Release|x86
	EndGlobalSection
	GlobalSection(ProjectConfigurationPlatforms) = postSolution
		{BF7A9F76-B3BC-40EF-891C-6A7FB6DADFD5}.Debug|x64.ActiveCfg = Debug|x64
		{BF7A9F76-B3BC-40EF-891C-6A7FB6DADFD5}.Debug|x64.Build.0 = Debug|x64
		{BF7A9F76-B3BC-40EF-891C-6A7FB6DADFD5}.Debug|x86.ActiveCfg = Debug|Win32
		{BF7A9F76-B3BC-40EF-891C-6A7FB6DADFD5}.Debug|x86.Build.0 = Debug|Win32
		{BF7A9F76-B3BC-40EF-891C-6A7FB6DADFD5}.Release|x64.ActiveCfg = Release|x64
		{BF7A9F76-B3BC-40EF-891C-6A7FB6DADFD5}.Release|x64.Build.0 = Release|x64
		{BF7A9F76-B3BC-40EF-891C-6A7FB6DADFD5}.Release|x86.ActiveCfg = Release|Win32
		{BF7A9F76-B3BC-40EF-891C-6A7FB6DADFD5}.Release|x86.Build.0 = Release|Win32
		{41D91D77-9BC9-4F02-885E-2A0531EE5E9B}.Debug|x64.ActiveCfg = Debug|x64
		{41D91D77-9BC9-4F02-885E-2A0531EE5E9B}.Debug|x64.Build.0 = Debug|x64
		{41D91D77-9BC9-4F02-885E-2A0531EE5E9B}.Debug|x86.ActiveCfg = Debug|Win32
		{41D91D77-9BC9-4F02-885E-2A0531EE5E9B}.Debug|x86.Build.0 = Debug|Win32
		{41D91D77-9BC9-4F02-885E-2A0531EE5E9B}.Release|x64.ActiveCfg = Release|x64
		{41D91D77-9BC9-4F02-885E-2A0531EE5E9B}.Release|x64.Build.0 = Release|x64
		{41D91D77-9BC9-4F02-885E-2A0531EE5E9B}.Release|x86.ActiveCfg = Release|Win32
		{41D91D77-9BC9-4F02-885E-2A0531EE5E9B}.Release|x86.Build.0 = Release|Win32
		{F2CF5079-BD14-4124-8C88-448831CDB9BB}.Debug|x64.ActiveCfg = Debug|x64
		{F2CF5079-BD14-4124-8C88-448831CDB9BB}.Debug|x64.Build.0 = Debug|x64
		{F2CF5079-BD14-4124-8C88-448831CDB9BB}.Debug|x86.ActiveCfg = Debug|Win32
		{F2CF5079-BD14-4124-8C88-448831CDB9BB}.Debug|x86.Build.0 = Debug|Win32
		{F2CF5079-BD14-4124-8C88-448831CDB9BB}.Release|x64.ActiveCfg = Release|x64
		{F2CF5079-BD14-4124-8C88-448831CDB9BB}.Release|x64.Build.0 = Release|x64
		{F2CF5079-BD14-4124-8C88-448831CDB9BB}.Release|x86.ActiveCfg = Release|Win32
		{F2CF5079-BD14-4124-8C88-448831CDB9BB}.Release|x86.Build.0 = Release|Win32
	EndGlobalSection
	GlobalSection(SolutionProperties) = preSolution
		HideSolutionNode = FALSE
	EndGlobalSection
	GlobalSection(ExtensibilityGlobals) = postSolution
		SolutionGuid = {10D624D8-79B3-47C4-B74B-2F28F5C3A2C4}
	EndGlobalSection
EndGlobal
