
Microsoft Visual Studio Solution File, Format Version 12.00
# Visual Studio Version 17
VisualStudioVersion = 17.14.36414.22
MinimumVisualStudioVersion = 10.0.40219.1
Project("{2150E333-8FDC-42A3-9474-1A3956D46DE8}") = "解决方案项", "解决方案项", "{9FA3D6BD-1EC1-3BA5-80CB-CE02773A58D5}"
EndProject
Project("{8BC9CEB8-8B4A-11D0-8D11-00A0C91BC942}") = "L2", "BCode\L2\L2.vcxproj", "{BF7A9F76-B3BC-40EF-891C-6A7FB6DADFD5}"
EndProject
Project("{8BC9CEB8-8B4A-11D0-8D11-00A0C91BC942}") = "L10", "BCode\L10\L10.vcxproj", "{41D91D77-9BC9-4F02-885E-2A0531EE5E9B}"
EndProject
Project("{8BC9CEB8-8B4A-11D0-8D11-00A0C91BC942}") = "L15", "BCode\L15\L15.vcxproj", "{F2CF5079-BD14-4124-8C88-448831CDB9BB}"
EndProject
Project("{8BC9CEB8-8B4A-11D0-8D11-00A0C91BC942}") = "L11", "BCode\L11\L11.vcxproj", "{21B6F7D6-D017-44F3-ADD6-0178B114540C}"
EndProject
Project("{8BC9CEB8-8B4A-11D0-8D11-00A0C91BC942}") = "L12", "BCode\L12\L12.vcxproj", "{A2311AC6-271F-4A46-8CB5-B94C3FD3C5E9}"
EndProject
Project("{8BC9CEB8-8B4A-11D0-8D11-00A0C91BC942}") = "LP2", "PCode\LP2\LP2.vcxproj", "{1E2C46E6-94E5-4D5C-BEE1-752442A7F871}"
EndProject
Project("{8BC9CEB8-8B4A-11D0-8D11-00A0C91BC942}") = "L3", "BCode\L3\L3.vcxproj", "{493EA371-E287-4A68-98CA-8892FF35C14E}"
EndProject
Project("{8BC9CEB8-8B4A-11D0-8D11-00A0C91BC942}") = "LP3", "PCode\LP3\LP3.vcxproj", "{86BCE1E7-714D-48F3-A0BE-B327ECA80FAD}"
EndProject
Project("{8BC9CEB8-8B4A-11D0-8D11-00A0C91BC942}") = "L4", "BCode\L4\L4.vcxproj", "{A4BC727E-9541-43D3-B2E3-4116D70C6F15}"
EndProject
Project("{8BC9CEB8-8B4A-11D0-8D11-00A0C91BC942}") = "LP4", "PCode\LP4\LP4.vcxproj", "{ED4809CB-C4FC-413F-87B4-61A9F2C4A42C}"
EndProject
Project("{8BC9CEB8-8B4A-11D0-8D11-00A0C91BC942}") = "L5", "BCode\L5\L5.vcxproj", "{B6F8B4B3-7830-4ED3-BC26-93516D8C0CFD}"
EndProject
Project("{8BC9CEB8-8B4A-11D0-8D11-00A0C91BC942}") = "LP5", "PCode\LP5\LP5.vcxproj", "{2A18C206-13CC-4BE3-9791-86033EEC095F}"
EndProject
Project("{8BC9CEB8-8B4A-11D0-8D11-00A0C91BC942}") = "L6", "BCode\L6\L6.vcxproj", "{C397AB55-7BDE-455C-81A1-15361AB82584}"
EndProject
Project("{8BC9CEB8-8B4A-11D0-8D11-00A0C91BC942}") = "LP6", "PCode\LP6\LP6.vcxproj", "{B9908F4D-F347-46EE-95E9-BE31296AF216}"
EndProject
Global
	GlobalSection(SolutionConfigurationPlatforms) = preSolution
		Debug|x64 = Debug|x64
		Debug|x86 = Debug|x86
		Release|x64 = Release|x64
		Release|x86 = Release|x86
	EndGlobalSection
	GlobalSection(ProjectConfigurationPlatforms) = postSolution
		{BF7A9F76-B3BC-40EF-891C-6A7FB6DADFD5}.Debug|x64.ActiveCfg = Debug|x64
		{BF7A9F76-B3BC-40EF-891C-6A7FB6DADFD5}.Debug|x64.Build.0 = Debug|x64
		{BF7A9F76-B3BC-40EF-891C-6A7FB6DADFD5}.Debug|x86.ActiveCfg = Debug|Win32
		{BF7A9F76-B3BC-40EF-891C-6A7FB6DADFD5}.Debug|x86.Build.0 = Debug|Win32
		{BF7A9F76-B3BC-40EF-891C-6A7FB6DADFD5}.Release|x64.ActiveCfg = Release|x64
		{BF7A9F76-B3BC-40EF-891C-6A7FB6DADFD5}.Release|x64.Build.0 = Release|x64
		{BF7A9F76-B3BC-40EF-891C-6A7FB6DADFD5}.Release|x86.ActiveCfg = Release|Win32
		{BF7A9F76-B3BC-40EF-891C-6A7FB6DADFD5}.Release|x86.Build.0 = Release|Win32
		{41D91D77-9BC9-4F02-885E-2A0531EE5E9B}.Debug|x64.ActiveCfg = Debug|x64
		{41D91D77-9BC9-4F02-885E-2A0531EE5E9B}.Debug|x64.Build.0 = Debug|x64
		{41D91D77-9BC9-4F02-885E-2A0531EE5E9B}.Debug|x86.ActiveCfg = Debug|Win32
		{41D91D77-9BC9-4F02-885E-2A0531EE5E9B}.Debug|x86.Build.0 = Debug|Win32
		{41D91D77-9BC9-4F02-885E-2A0531EE5E9B}.Release|x64.ActiveCfg = Release|x64
		{41D91D77-9BC9-4F02-885E-2A0531EE5E9B}.Release|x64.Build.0 = Release|x64
		{41D91D77-9BC9-4F02-885E-2A0531EE5E9B}.Release|x86.ActiveCfg = Release|Win32
		{41D91D77-9BC9-4F02-885E-2A0531EE5E9B}.Release|x86.Build.0 = Release|Win32
		{F2CF5079-BD14-4124-8C88-448831CDB9BB}.Debug|x64.ActiveCfg = Debug|x64
		{F2CF5079-BD14-4124-8C88-448831CDB9BB}.Debug|x64.Build.0 = Debug|x64
		{F2CF5079-BD14-4124-8C88-448831CDB9BB}.Debug|x86.ActiveCfg = Debug|Win32
		{F2CF5079-BD14-4124-8C88-448831CDB9BB}.Debug|x86.Build.0 = Debug|Win32
		{F2CF5079-BD14-4124-8C88-448831CDB9BB}.Release|x64.ActiveCfg = Release|x64
		{F2CF5079-BD14-4124-8C88-448831CDB9BB}.Release|x64.Build.0 = Release|x64
		{F2CF5079-BD14-4124-8C88-448831CDB9BB}.Release|x86.ActiveCfg = Release|Win32
		{F2CF5079-BD14-4124-8C88-448831CDB9BB}.Release|x86.Build.0 = Release|Win32
		{21B6F7D6-D017-44F3-ADD6-0178B114540C}.Debug|x64.ActiveCfg = Debug|x64
		{21B6F7D6-D017-44F3-ADD6-0178B114540C}.Debug|x64.Build.0 = Debug|x64
		{21B6F7D6-D017-44F3-ADD6-0178B114540C}.Debug|x86.ActiveCfg = Debug|Win32
		{21B6F7D6-D017-44F3-ADD6-0178B114540C}.Debug|x86.Build.0 = Debug|Win32
		{21B6F7D6-D017-44F3-ADD6-0178B114540C}.Release|x64.ActiveCfg = Release|x64
		{21B6F7D6-D017-44F3-ADD6-0178B114540C}.Release|x64.Build.0 = Release|x64
		{21B6F7D6-D017-44F3-ADD6-0178B114540C}.Release|x86.ActiveCfg = Release|Win32
		{21B6F7D6-D017-44F3-ADD6-0178B114540C}.Release|x86.Build.0 = Release|Win32
		{A2311AC6-271F-4A46-8CB5-B94C3FD3C5E9}.Debug|x64.ActiveCfg = Debug|x64
		{A2311AC6-271F-4A46-8CB5-B94C3FD3C5E9}.Debug|x64.Build.0 = Debug|x64
		{A2311AC6-271F-4A46-8CB5-B94C3FD3C5E9}.Debug|x86.ActiveCfg = Debug|Win32
		{A2311AC6-271F-4A46-8CB5-B94C3FD3C5E9}.Debug|x86.Build.0 = Debug|Win32
		{A2311AC6-271F-4A46-8CB5-B94C3FD3C5E9}.Release|x64.ActiveCfg = Release|x64
		{A2311AC6-271F-4A46-8CB5-B94C3FD3C5E9}.Release|x64.Build.0 = Release|x64
		{A2311AC6-271F-4A46-8CB5-B94C3FD3C5E9}.Release|x86.ActiveCfg = Release|Win32
		{A2311AC6-271F-4A46-8CB5-B94C3FD3C5E9}.Release|x86.Build.0 = Release|Win32
		{1E2C46E6-94E5-4D5C-BEE1-752442A7F871}.Debug|x64.ActiveCfg = Debug|x64
		{1E2C46E6-94E5-4D5C-BEE1-752442A7F871}.Debug|x64.Build.0 = Debug|x64
		{1E2C46E6-94E5-4D5C-BEE1-752442A7F871}.Debug|x86.ActiveCfg = Debug|Win32
		{1E2C46E6-94E5-4D5C-BEE1-752442A7F871}.Debug|x86.Build.0 = Debug|Win32
		{1E2C46E6-94E5-4D5C-BEE1-752442A7F871}.Release|x64.ActiveCfg = Release|x64
		{1E2C46E6-94E5-4D5C-BEE1-752442A7F871}.Release|x64.Build.0 = Release|x64
		{1E2C46E6-94E5-4D5C-BEE1-752442A7F871}.Release|x86.ActiveCfg = Release|Win32
		{1E2C46E6-94E5-4D5C-BEE1-752442A7F871}.Release|x86.Build.0 = Release|Win32
		{493EA371-E287-4A68-98CA-8892FF35C14E}.Debug|x64.ActiveCfg = Debug|x64
		{493EA371-E287-4A68-98CA-8892FF35C14E}.Debug|x64.Build.0 = Debug|x64
		{493EA371-E287-4A68-98CA-8892FF35C14E}.Debug|x86.ActiveCfg = Debug|Win32
		{493EA371-E287-4A68-98CA-8892FF35C14E}.Debug|x86.Build.0 = Debug|Win32
		{493EA371-E287-4A68-98CA-8892FF35C14E}.Release|x64.ActiveCfg = Release|x64
		{493EA371-E287-4A68-98CA-8892FF35C14E}.Release|x64.Build.0 = Release|x64
		{493EA371-E287-4A68-98CA-8892FF35C14E}.Release|x86.ActiveCfg = Release|Win32
		{493EA371-E287-4A68-98CA-8892FF35C14E}.Release|x86.Build.0 = Release|Win32
		{86BCE1E7-714D-48F3-A0BE-B327ECA80FAD}.Debug|x64.ActiveCfg = Debug|x64
		{86BCE1E7-714D-48F3-A0BE-B327ECA80FAD}.Debug|x64.Build.0 = Debug|x64
		{86BCE1E7-714D-48F3-A0BE-B327ECA80FAD}.Debug|x86.ActiveCfg = Debug|Win32
		{86BCE1E7-714D-48F3-A0BE-B327ECA80FAD}.Debug|x86.Build.0 = Debug|Win32
		{86BCE1E7-714D-48F3-A0BE-B327ECA80FAD}.Release|x64.ActiveCfg = Release|x64
		{86BCE1E7-714D-48F3-A0BE-B327ECA80FAD}.Release|x64.Build.0 = Release|x64
		{86BCE1E7-714D-48F3-A0BE-B327ECA80FAD}.Release|x86.ActiveCfg = Release|Win32
		{86BCE1E7-714D-48F3-A0BE-B327ECA80FAD}.Release|x86.Build.0 = Release|Win32
		{A4BC727E-9541-43D3-B2E3-4116D70C6F15}.Debug|x64.ActiveCfg = Debug|x64
		{A4BC727E-9541-43D3-B2E3-4116D70C6F15}.Debug|x64.Build.0 = Debug|x64
		{A4BC727E-9541-43D3-B2E3-4116D70C6F15}.Debug|x86.ActiveCfg = Debug|Win32
		{A4BC727E-9541-43D3-B2E3-4116D70C6F15}.Debug|x86.Build.0 = Debug|Win32
		{A4BC727E-9541-43D3-B2E3-4116D70C6F15}.Release|x64.ActiveCfg = Release|x64
		{A4BC727E-9541-43D3-B2E3-4116D70C6F15}.Release|x64.Build.0 = Release|x64
		{A4BC727E-9541-43D3-B2E3-4116D70C6F15}.Release|x86.ActiveCfg = Release|Win32
		{A4BC727E-9541-43D3-B2E3-4116D70C6F15}.Release|x86.Build.0 = Release|Win32
		{ED4809CB-C4FC-413F-87B4-61A9F2C4A42C}.Debug|x64.ActiveCfg = Debug|x64
		{ED4809CB-C4FC-413F-87B4-61A9F2C4A42C}.Debug|x64.Build.0 = Debug|x64
		{ED4809CB-C4FC-413F-87B4-61A9F2C4A42C}.Debug|x86.ActiveCfg = Debug|Win32
		{ED4809CB-C4FC-413F-87B4-61A9F2C4A42C}.Debug|x86.Build.0 = Debug|Win32
		{ED4809CB-C4FC-413F-87B4-61A9F2C4A42C}.Release|x64.ActiveCfg = Release|x64
		{ED4809CB-C4FC-413F-87B4-61A9F2C4A42C}.Release|x64.Build.0 = Release|x64
		{ED4809CB-C4FC-413F-87B4-61A9F2C4A42C}.Release|x86.ActiveCfg = Release|Win32
		{ED4809CB-C4FC-413F-87B4-61A9F2C4A42C}.Release|x86.Build.0 = Release|Win32
		{B6F8B4B3-7830-4ED3-BC26-93516D8C0CFD}.Debug|x64.ActiveCfg = Debug|x64
		{B6F8B4B3-7830-4ED3-BC26-93516D8C0CFD}.Debug|x64.Build.0 = Debug|x64
		{B6F8B4B3-7830-4ED3-BC26-93516D8C0CFD}.Debug|x86.ActiveCfg = Debug|Win32
		{B6F8B4B3-7830-4ED3-BC26-93516D8C0CFD}.Debug|x86.Build.0 = Debug|Win32
		{B6F8B4B3-7830-4ED3-BC26-93516D8C0CFD}.Release|x64.ActiveCfg = Release|x64
		{B6F8B4B3-7830-4ED3-BC26-93516D8C0CFD}.Release|x64.Build.0 = Release|x64
		{B6F8B4B3-7830-4ED3-BC26-93516D8C0CFD}.Release|x86.ActiveCfg = Release|Win32
		{B6F8B4B3-7830-4ED3-BC26-93516D8C0CFD}.Release|x86.Build.0 = Release|Win32
		{2A18C206-13CC-4BE3-9791-86033EEC095F}.Debug|x64.ActiveCfg = Debug|x64
		{2A18C206-13CC-4BE3-9791-86033EEC095F}.Debug|x64.Build.0 = Debug|x64
		{2A18C206-13CC-4BE3-9791-86033EEC095F}.Debug|x86.ActiveCfg = Debug|Win32
		{2A18C206-13CC-4BE3-9791-86033EEC095F}.Debug|x86.Build.0 = Debug|Win32
		{2A18C206-13CC-4BE3-9791-86033EEC095F}.Release|x64.ActiveCfg = Release|x64
		{2A18C206-13CC-4BE3-9791-86033EEC095F}.Release|x64.Build.0 = Release|x64
		{2A18C206-13CC-4BE3-9791-86033EEC095F}.Release|x86.ActiveCfg = Release|Win32
		{2A18C206-13CC-4BE3-9791-86033EEC095F}.Release|x86.Build.0 = Release|Win32
		{C397AB55-7BDE-455C-81A1-15361AB82584}.Debug|x64.ActiveCfg = Debug|x64
		{C397AB55-7BDE-455C-81A1-15361AB82584}.Debug|x64.Build.0 = Debug|x64
		{C397AB55-7BDE-455C-81A1-15361AB82584}.Debug|x86.ActiveCfg = Debug|Win32
		{C397AB55-7BDE-455C-81A1-15361AB82584}.Debug|x86.Build.0 = Debug|Win32
		{C397AB55-7BDE-455C-81A1-15361AB82584}.Release|x64.ActiveCfg = Release|x64
		{C397AB55-7BDE-455C-81A1-15361AB82584}.Release|x64.Build.0 = Release|x64
		{C397AB55-7BDE-455C-81A1-15361AB82584}.Release|x86.ActiveCfg = Release|Win32
		{C397AB55-7BDE-455C-81A1-15361AB82584}.Release|x86.Build.0 = Release|Win32
		{B9908F4D-F347-46EE-95E9-BE31296AF216}.Debug|x64.ActiveCfg = Debug|x64
		{B9908F4D-F347-46EE-95E9-BE31296AF216}.Debug|x64.Build.0 = Debug|x64
		{B9908F4D-F347-46EE-95E9-BE31296AF216}.Debug|x86.ActiveCfg = Debug|Win32
		{B9908F4D-F347-46EE-95E9-BE31296AF216}.Debug|x86.Build.0 = Debug|Win32
		{B9908F4D-F347-46EE-95E9-BE31296AF216}.Release|x64.ActiveCfg = Release|x64
		{B9908F4D-F347-46EE-95E9-BE31296AF216}.Release|x64.Build.0 = Release|x64
		{B9908F4D-F347-46EE-95E9-BE31296AF216}.Release|x86.ActiveCfg = Release|Win32
		{B9908F4D-F347-46EE-95E9-BE31296AF216}.Release|x86.Build.0 = Release|Win32
	EndGlobalSection
	GlobalSection(SolutionProperties) = preSolution
		HideSolutionNode = FALSE
	EndGlobalSection
	GlobalSection(ExtensibilityGlobals) = postSolution
		SolutionGuid = {10D624D8-79B3-47C4-B74B-2F28F5C3A2C4}
	EndGlobalSection
EndGlobal
