
Microsoft Visual Studio Solution File, Format Version 12.00
# Visual Studio Version 17
VisualStudioVersion = 17.14.37111.16 d17.14
MinimumVisualStudioVersion = 10.0.40219.1
Project("{FAE04EC0-301F-11D3-BF4B-00C04F79EFBC}") = "Test1", "Test1\Test1.csproj", "{BCC3B451-0428-4C98-B7ED-34185DE28ED9}"
EndProject
Global
	GlobalSection(SolutionConfigurationPlatforms) = preSolution
		Debug|Any CPU = Debug|Any CPU
		Release|Any CPU = Release|Any CPU
	EndGlobalSection
	GlobalSection(ProjectConfigurationPlatforms) = postSolution
		{BCC3B451-0428-4C98-B7ED-34185DE28ED9}.Debug|Any CPU.ActiveCfg = Debug|Any CPU
		{BCC3B451-0428-4C98-B7ED-34185DE28ED9}.Debug|Any CPU.Build.0 = Debug|Any CPU
		{BCC3B451-0428-4C98-B7ED-34185DE28ED9}.Release|Any CPU.ActiveCfg = Release|Any CPU
		{BCC3B451-0428-4C98-B7ED-34185DE28ED9}.Release|Any CPU.Build.0 = Release|Any CPU
	EndGlobalSection
	GlobalSection(SolutionProperties) = preSolution
		HideSolutionNode = FALSE
	EndGlobalSection
	GlobalSection(ExtensibilityGlobals) = postSolution
		SolutionGuid = {7E2B1943-7B4A-44E6-9502-226E053EFA51}
	EndGlobalSection
EndGlobal
