
Microsoft Visual Studio Solution File, Format Version 12.00
# Visual Studio Version 17
VisualStudioVersion = 17.14.36414.22 d17.14
MinimumVisualStudioVersion = 10.0.40219.1
Project("{FAE04EC0-301F-11D3-BF4B-00C04F79EFBC}") = "登录练习", "登录练习\登录练习.csproj", "{06E298E0-CEE4-41F6-AA40-41C0AD828255}"
EndProject
Global
	GlobalSection(SolutionConfigurationPlatforms) = preSolution
		Debug|Any CPU = Debug|Any CPU
		Release|Any CPU = Release|Any CPU
	EndGlobalSection
	GlobalSection(ProjectConfigurationPlatforms) = postSolution
		{06E298E0-CEE4-41F6-AA40-41C0AD828255}.Debug|Any CPU.ActiveCfg = Debug|Any CPU
		{06E298E0-CEE4-41F6-AA40-41C0AD828255}.Debug|Any CPU.Build.0 = Debug|Any CPU
		{06E298E0-CEE4-41F6-AA40-41C0AD828255}.Release|Any CPU.ActiveCfg = Release|Any CPU
		{06E298E0-CEE4-41F6-AA40-41C0AD828255}.Release|Any CPU.Build.0 = Release|Any CPU
	EndGlobalSection
	GlobalSection(SolutionProperties) = preSolution
		HideSolutionNode = FALSE
	EndGlobalSection
	GlobalSection(ExtensibilityGlobals) = postSolution
		SolutionGuid = {3A782501-BB42-46E6-86DA-37E26B414E49}
	EndGlobalSection
EndGlobal
