
Microsoft Visual Studio Solution File, Format Version 12.00
# Visual Studio Version 17
VisualStudioVersion = 17.5.2.0
MinimumVisualStudioVersion = 10.0.40219.1
Project("{FAE04EC0-301F-11D3-BF4B-00C04F79EFBC}") = "第四节： 练习 - 使用值和引用类型参数", "第四节： 练习 - 使用值和引用类型参数.csproj", "{4296793F-189E-5D12-3DD5-80606782A162}"
EndProject
Global
	GlobalSection(SolutionConfigurationPlatforms) = preSolution
		Debug|Any CPU = Debug|Any CPU
		Release|Any CPU = Release|Any CPU
	EndGlobalSection
	GlobalSection(ProjectConfigurationPlatforms) = postSolution
		{4296793F-189E-5D12-3DD5-80606782A162}.Debug|Any CPU.ActiveCfg = Debug|Any CPU
		{4296793F-189E-5D12-3DD5-80606782A162}.Debug|Any CPU.Build.0 = Debug|Any CPU
		{4296793F-189E-5D12-3DD5-80606782A162}.Release|Any CPU.ActiveCfg = Release|Any CPU
		{4296793F-189E-5D12-3DD5-80606782A162}.Release|Any CPU.Build.0 = Release|Any CPU
	EndGlobalSection
	GlobalSection(SolutionProperties) = preSolution
		HideSolutionNode = FALSE
	EndGlobalSection
	GlobalSection(ExtensibilityGlobals) = postSolution
		SolutionGuid = {05A59FAE-5978-4C8A-BC98-400E55B15949}
	EndGlobalSection
EndGlobal
