
Microsoft Visual Studio Solution File, Format Version 12.00
# Visual Studio Version 17
VisualStudioVersion = 17.14.37203.1
MinimumVisualStudioVersion = 10.0.40219.1
Project("{FAE04EC0-301F-11D3-BF4B-00C04F79EFBC}") = "Array", "ClassCode\Array\Array.csproj", "{B9DDD5D6-F62C-13A7-FFF8-2869DF3E6D8D}"
EndProject
Project("{FAE04EC0-301F-11D3-BF4B-00C04F79EFBC}") = "ArrayHomework", "PracticeCode\ArrayHomework\ArrayHomework.csproj", "{F9300D86-60C1-5BD0-CEC4-1D4A77277F0A}"
EndProject
Project("{FAE04EC0-301F-11D3-BF4B-00C04F79EFBC}") = "Foreach", "ClassCode\Foreach\Foreach.csproj", "{9BB3FE4F-BBE3-688B-AEB8-6210B2004578}"
EndProject
Project("{FAE04EC0-301F-11D3-BF4B-00C04F79EFBC}") = "Methods", "ClassCode\Methods\Methods.csproj", "{062DF836-7DE0-602B-707F-EE5E35DCDB6C}"
EndProject
Project("{FAE04EC0-301F-11D3-BF4B-00C04F79EFBC}") = "MethodsHomework", "PracticeCode\MethodsHomework\MethodsHomework.csproj", "{82DE17FF-000F-4A1E-A3B6-778FD359E756}"
EndProject
Project("{FAE04EC0-301F-11D3-BF4B-00C04F79EFBC}") = "Homework2", "PracticeCode\Homework2\Homework2.csproj", "{CD08C6FB-AC3B-C33F-EC22-23A84919C456}"
EndProject
Project("{FAE04EC0-301F-11D3-BF4B-00C04F79EFBC}") = "StaticClass", "ClassCode\StaticClass\StaticClass.csproj", "{3643E99F-3BB7-4F07-84B3-A83888C02B2D}"
EndProject
Project("{FAE04EC0-301F-11D3-BF4B-00C04F79EFBC}") = "InstantiatedClassesDeme", "ClassCode\InstantiatedClassesDeme\InstantiatedClassesDeme.csproj", "{2F791CD2-5033-49B1-9670-22DFAD53D69A}"
EndProject
Project("{FAE04EC0-301F-11D3-BF4B-00C04F79EFBC}") = "betterGuestBook", "PracticeCode\betterGuestBook\betterGuestBook.csproj", "{CCF8C018-917A-4271-A86C-E22661DEFD28}"
EndProject
Project("{FAE04EC0-301F-11D3-BF4B-00C04F79EFBC}") = "继承演示", "ClassCode\继承演示\继承演示.csproj", "{CDE700B4-16AF-4A76-8FC5-7EAF3D88F0D8}"
EndProject
Global
	GlobalSection(SolutionConfigurationPlatforms) = preSolution
		Debug|Any CPU = Debug|Any CPU
		Release|Any CPU = Release|Any CPU
	EndGlobalSection
	GlobalSection(ProjectConfigurationPlatforms) = postSolution
		{B9DDD5D6-F62C-13A7-FFF8-2869DF3E6D8D}.Debug|Any CPU.ActiveCfg = Debug|Any CPU
		{B9DDD5D6-F62C-13A7-FFF8-2869DF3E6D8D}.Debug|Any CPU.Build.0 = Debug|Any CPU
		{B9DDD5D6-F62C-13A7-FFF8-2869DF3E6D8D}.Release|Any CPU.ActiveCfg = Release|Any CPU
		{B9DDD5D6-F62C-13A7-FFF8-2869DF3E6D8D}.Release|Any CPU.Build.0 = Release|Any CPU
		{F9300D86-60C1-5BD0-CEC4-1D4A77277F0A}.Debug|Any CPU.ActiveCfg = Debug|Any CPU
		{F9300D86-60C1-5BD0-CEC4-1D4A77277F0A}.Debug|Any CPU.Build.0 = Debug|Any CPU
		{F9300D86-60C1-5BD0-CEC4-1D4A77277F0A}.Release|Any CPU.ActiveCfg = Release|Any CPU
		{F9300D86-60C1-5BD0-CEC4-1D4A77277F0A}.Release|Any CPU.Build.0 = Release|Any CPU
		{9BB3FE4F-BBE3-688B-AEB8-6210B2004578}.Debug|Any CPU.ActiveCfg = Debug|Any CPU
		{9BB3FE4F-BBE3-688B-AEB8-6210B2004578}.Debug|Any CPU.Build.0 = Debug|Any CPU
		{9BB3FE4F-BBE3-688B-AEB8-6210B2004578}.Release|Any CPU.ActiveCfg = Release|Any CPU
		{9BB3FE4F-BBE3-688B-AEB8-6210B2004578}.Release|Any CPU.Build.0 = Release|Any CPU
		{062DF836-7DE0-602B-707F-EE5E35DCDB6C}.Debug|Any CPU.ActiveCfg = Debug|Any CPU
		{062DF836-7DE0-602B-707F-EE5E35DCDB6C}.Debug|Any CPU.Build.0 = Debug|Any CPU
		{062DF836-7DE0-602B-707F-EE5E35DCDB6C}.Release|Any CPU.ActiveCfg = Release|Any CPU
		{062DF836-7DE0-602B-707F-EE5E35DCDB6C}.Release|Any CPU.Build.0 = Release|Any CPU
		{82DE17FF-000F-4A1E-A3B6-778FD359E756}.Debug|Any CPU.ActiveCfg = Debug|Any CPU
		{82DE17FF-000F-4A1E-A3B6-778FD359E756}.Debug|Any CPU.Build.0 = Debug|Any CPU
		{82DE17FF-000F-4A1E-A3B6-778FD359E756}.Release|Any CPU.ActiveCfg = Release|Any CPU
		{82DE17FF-000F-4A1E-A3B6-778FD359E756}.Release|Any CPU.Build.0 = Release|Any CPU
		{CD08C6FB-AC3B-C33F-EC22-23A84919C456}.Debug|Any CPU.ActiveCfg = Debug|Any CPU
		{CD08C6FB-AC3B-C33F-EC22-23A84919C456}.Debug|Any CPU.Build.0 = Debug|Any CPU
		{CD08C6FB-AC3B-C33F-EC22-23A84919C456}.Release|Any CPU.ActiveCfg = Release|Any CPU
		{CD08C6FB-AC3B-C33F-EC22-23A84919C456}.Release|Any CPU.Build.0 = Release|Any CPU
		{3643E99F-3BB7-4F07-84B3-A83888C02B2D}.Debug|Any CPU.ActiveCfg = Debug|Any CPU
		{3643E99F-3BB7-4F07-84B3-A83888C02B2D}.Debug|Any CPU.Build.0 = Debug|Any CPU
		{3643E99F-3BB7-4F07-84B3-A83888C02B2D}.Release|Any CPU.ActiveCfg = Release|Any CPU
		{3643E99F-3BB7-4F07-84B3-A83888C02B2D}.Release|Any CPU.Build.0 = Release|Any CPU
		{2F791CD2-5033-49B1-9670-22DFAD53D69A}.Debug|Any CPU.ActiveCfg = Debug|Any CPU
		{2F791CD2-5033-49B1-9670-22DFAD53D69A}.Debug|Any CPU.Build.0 = Debug|Any CPU
		{2F791CD2-5033-49B1-9670-22DFAD53D69A}.Release|Any CPU.ActiveCfg = Release|Any CPU
		{2F791CD2-5033-49B1-9670-22DFAD53D69A}.Release|Any CPU.Build.0 = Release|Any CPU
		{CCF8C018-917A-4271-A86C-E22661DEFD28}.Debug|Any CPU.ActiveCfg = Debug|Any CPU
		{CCF8C018-917A-4271-A86C-E22661DEFD28}.Debug|Any CPU.Build.0 = Debug|Any CPU
		{CCF8C018-917A-4271-A86C-E22661DEFD28}.Release|Any CPU.ActiveCfg = Release|Any CPU
		{CCF8C018-917A-4271-A86C-E22661DEFD28}.Release|Any CPU.Build.0 = Release|Any CPU
		{CDE700B4-16AF-4A76-8FC5-7EAF3D88F0D8}.Debug|Any CPU.ActiveCfg = Debug|Any CPU
		{CDE700B4-16AF-4A76-8FC5-7EAF3D88F0D8}.Debug|Any CPU.Build.0 = Debug|Any CPU
		{CDE700B4-16AF-4A76-8FC5-7EAF3D88F0D8}.Release|Any CPU.ActiveCfg = Release|Any CPU
		{CDE700B4-16AF-4A76-8FC5-7EAF3D88F0D8}.Release|Any CPU.Build.0 = Release|Any CPU
	EndGlobalSection
	GlobalSection(SolutionProperties) = preSolution
		HideSolutionNode = FALSE
	EndGlobalSection
	GlobalSection(ExtensibilityGlobals) = postSolution
		SolutionGuid = {8AC3EE8C-B590-48F3-BA09-22128A0B5795}
	EndGlobalSection
EndGlobal
