
Microsoft Visual Studio Solution File, Format Version 12.00
# Visual Studio Version 17
VisualStudioVersion = 17.14.37203.1 d17.14
MinimumVisualStudioVersion = 10.0.40219.1
Project("{FAE04EC0-301F-11D3-BF4B-00C04F79EFBC}") = "Array", "Array\Array.csproj", "{C2788DCB-9C4B-4553-95B6-89D0F3DF0048}"
EndProject
Project("{FAE04EC0-301F-11D3-BF4B-00C04F79EFBC}") = "ArrayHomework", "..\PracticeCode\ArrayHomework\ArrayHomework.csproj", "{FF7BC234-7A90-4F5A-8C30-D3167F159359}"
EndProject
Global
	GlobalSection(SolutionConfigurationPlatforms) = preSolution
		Debug|Any CPU = Debug|Any CPU
		Release|Any CPU = Release|Any CPU
	EndGlobalSection
	GlobalSection(ProjectConfigurationPlatforms) = postSolution
		{C2788DCB-9C4B-4553-95B6-89D0F3DF0048}.Debug|Any CPU.ActiveCfg = Debug|Any CPU
		{C2788DCB-9C4B-4553-95B6-89D0F3DF0048}.Debug|Any CPU.Build.0 = Debug|Any CPU
		{C2788DCB-9C4B-4553-95B6-89D0F3DF0048}.Release|Any CPU.ActiveCfg = Release|Any CPU
		{C2788DCB-9C4B-4553-95B6-89D0F3DF0048}.Release|Any CPU.Build.0 = Release|Any CPU
		{FF7BC234-7A90-4F5A-8C30-D3167F159359}.Debug|Any CPU.ActiveCfg = Debug|Any CPU
		{FF7BC234-7A90-4F5A-8C30-D3167F159359}.Debug|Any CPU.Build.0 = Debug|Any CPU
		{FF7BC234-7A90-4F5A-8C30-D3167F159359}.Release|Any CPU.ActiveCfg = Release|Any CPU
		{FF7BC234-7A90-4F5A-8C30-D3167F159359}.Release|Any CPU.Build.0 = Release|Any CPU
	EndGlobalSection
	GlobalSection(SolutionProperties) = preSolution
		HideSolutionNode = FALSE
	EndGlobalSection
	GlobalSection(ExtensibilityGlobals) = postSolution
		SolutionGuid = {8AC3EE8C-B590-48F3-BA09-22128A0B5795}
	EndGlobalSection
EndGlobal
