
Microsoft Visual Studio Solution File, Format Version 12.00
# Visual Studio Version 17
VisualStudioVersion = 17.5.2.0
MinimumVisualStudioVersion = 10.0.40219.1
Project("{FAE04EC0-301F-11D3-BF4B-00C04F79EFBC}") = "do-while 和 while 循环", "do-while 和 while 循环.csproj", "{051AB825-5BAE-B073-5B4F-00C075F62203}"
EndProject
Global
	GlobalSection(SolutionConfigurationPlatforms) = preSolution
		Debug|Any CPU = Debug|Any CPU
		Release|Any CPU = Release|Any CPU
	EndGlobalSection
	GlobalSection(ProjectConfigurationPlatforms) = postSolution
		{051AB825-5BAE-B073-5B4F-00C075F62203}.Debug|Any CPU.ActiveCfg = Debug|Any CPU
		{051AB825-5BAE-B073-5B4F-00C075F62203}.Debug|Any CPU.Build.0 = Debug|Any CPU
		{051AB825-5BAE-B073-5B4F-00C075F62203}.Release|Any CPU.ActiveCfg = Release|Any CPU
		{051AB825-5BAE-B073-5B4F-00C075F62203}.Release|Any CPU.Build.0 = Release|Any CPU
	EndGlobalSection
	GlobalSection(SolutionProperties) = preSolution
		HideSolutionNode = FALSE
	EndGlobalSection
	GlobalSection(ExtensibilityGlobals) = postSolution
		SolutionGuid = {8EC60678-25CE-4992-B0DF-862AF2D80CA8}
	EndGlobalSection
EndGlobal
