Microsoft Visual Studio Solution File, Format Version 12.00
# Visual Studio Version 17
VisualStudioVersion = 17.5.2.0
MinimumVisualStudioVersion = 10.0.40219.1
Project("{2150E333-8FDC-42A3-9474-1A3956D46DE8}") = "LP3SampleApps", "LP3SampleApps", "{BC391416-8BE6-FED6-E631-3C1609688185}"
EndProject
Project("{2150E333-8FDC-42A3-9474-1A3956D46DE8}") = "Reuse_M1", "Reuse_M1", "{2A7D579C-9571-4E9E-1A86-106F3D899035}"
EndProject
Project("{2150E333-8FDC-42A3-9474-1A3956D46DE8}") = "Solution", "Solution", "{28B0682F-D10E-859D-AA4F-C63F31A57F7A}"
EndProject
Project("{FAE04EC0-301F-11D3-BF4B-00C04F79EFBC}") = "Reuse_M1", "LP3SampleApps\Reuse_M1\Solution\Reuse_M1.csproj", "{6982D784-0998-D4C2-87CC-7F0664ADD7FE}"
EndProject
Project("{2150E333-8FDC-42A3-9474-1A3956D46DE8}") = "Starter", "Starter", "{2CDCDA90-0EF6-CF09-8205-DA65295EB7F3}"
EndProject
Project("{FAE04EC0-301F-11D3-BF4B-00C04F79EFBC}") = "Reuse_M1", "LP3SampleApps\Reuse_M1\Starter\Reuse_M1.csproj", "{6C094B7C-9C38-A218-FDD1-F3FC2A20DF82}"
EndProject
Project("{2150E333-8FDC-42A3-9474-1A3956D46DE8}") = "Reuse_M2", "Reuse_M2", "{A5633DF4-323A-77FB-DBDB-98EBF41DC01E}"
EndProject
Project("{2150E333-8FDC-42A3-9474-1A3956D46DE8}") = "Solution", "Solution", "{7CDA46B3-3B74-8E26-EED5-0DC7485E026F}"
EndProject
Project("{FAE04EC0-301F-11D3-BF4B-00C04F79EFBC}") = "Reuse_M2", "LP3SampleApps\Reuse_M2\Solution\Reuse_M2.csproj", "{7A61A05A-B7E2-8B07-0425-FE4D6B3E98F2}"
EndProject
Project("{2150E333-8FDC-42A3-9474-1A3956D46DE8}") = "Starter", "Starter", "{DD94B408-9C72-59F4-A68A-CA5AB81FBD4D}"
EndProject
Project("{FAE04EC0-301F-11D3-BF4B-00C04F79EFBC}") = "Reuse_M2", "LP3SampleApps\Reuse_M2\Starter\Reuse_M2.csproj", "{7CA16831-BE67-958E-2464-4AD0239CEC00}"
EndProject
Global
	GlobalSection(SolutionConfigurationPlatforms) = preSolution
		Debug|Any CPU = Debug|Any CPU
		Release|Any CPU = Release|Any CPU
	EndGlobalSection
	GlobalSection(ProjectConfigurationPlatforms) = postSolution
		{6982D784-0998-D4C2-87CC-7F0664ADD7FE}.Debug|Any CPU.ActiveCfg = Debug|Any CPU
		{6982D784-0998-D4C2-87CC-7F0664ADD7FE}.Debug|Any CPU.Build.0 = Debug|Any CPU
		{6982D784-0998-D4C2-87CC-7F0664ADD7FE}.Release|Any CPU.ActiveCfg = Release|Any CPU
		{6982D784-0998-D4C2-87CC-7F0664ADD7FE}.Release|Any CPU.Build.0 = Release|Any CPU
		{6C094B7C-9C38-A218-FDD1-F3FC2A20DF82}.Debug|Any CPU.ActiveCfg = Debug|Any CPU
		{6C094B7C-9C38-A218-FDD1-F3FC2A20DF82}.Debug|Any CPU.Build.0 = Debug|Any CPU
		{6C094B7C-9C38-A218-FDD1-F3FC2A20DF82}.Release|Any CPU.ActiveCfg = Release|Any CPU
		{6C094B7C-9C38-A218-FDD1-F3FC2A20DF82}.Release|Any CPU.Build.0 = Release|Any CPU
		{7A61A05A-B7E2-8B07-0425-FE4D6B3E98F2}.Debug|Any CPU.ActiveCfg = Debug|Any CPU
		{7A61A05A-B7E2-8B07-0425-FE4D6B3E98F2}.Debug|Any CPU.Build.0 = Debug|Any CPU
		{7A61A05A-B7E2-8B07-0425-FE4D6B3E98F2}.Release|Any CPU.ActiveCfg = Release|Any CPU
		{7A61A05A-B7E2-8B07-0425-FE4D6B3E98F2}.Release|Any CPU.Build.0 = Release|Any CPU
		{7CA16831-BE67-958E-2464-4AD0239CEC00}.Debug|Any CPU.ActiveCfg = Debug|Any CPU
		{7CA16831-BE67-958E-2464-4AD0239CEC00}.Debug|Any CPU.Build.0 = Debug|Any CPU
		{7CA16831-BE67-958E-2464-4AD0239CEC00}.Release|Any CPU.ActiveCfg = Release|Any CPU
		{7CA16831-BE67-958E-2464-4AD0239CEC00}.Release|Any CPU.Build.0 = Release|Any CPU
	EndGlobalSection
	GlobalSection(SolutionProperties) = preSolution
		HideSolutionNode = FALSE
	EndGlobalSection
	GlobalSection(NestedProjects) = preSolution
		{2A7D579C-9571-4E9E-1A86-106F3D899035} = {BC391416-8BE6-FED6-E631-3C1609688185}
		{28B0682F-D10E-859D-AA4F-C63F31A57F7A} = {2A7D579C-9571-4E9E-1A86-106F3D899035}
		{6982D784-0998-D4C2-87CC-7F0664ADD7FE} = {28B0682F-D10E-859D-AA4F-C63F31A57F7A}
		{2CDCDA90-0EF6-CF09-8205-DA65295EB7F3} = {2A7D579C-9571-4E9E-1A86-106F3D899035}
		{6C094B7C-9C38-A218-FDD1-F3FC2A20DF82} = {2CDCDA90-0EF6-CF09-8205-DA65295EB7F3}
		{A5633DF4-323A-77FB-DBDB-98EBF41DC01E} = {BC391416-8BE6-FED6-E631-3C1609688185}
		{7CDA46B3-3B74-8E26-EED5-0DC7485E026F} = {A5633DF4-323A-77FB-DBDB-98EBF41DC01E}
		{7A61A05A-B7E2-8B07-0425-FE4D6B3E98F2} = {7CDA46B3-3B74-8E26-EED5-0DC7485E026F}
		{DD94B408-9C72-59F4-A68A-CA5AB81FBD4D} = {A5633DF4-323A-77FB-DBDB-98EBF41DC01E}
		{7CA16831-BE67-958E-2464-4AD0239CEC00} = {DD94B408-9C72-59F4-A68A-CA5AB81FBD4D}
	EndGlobalSection
	GlobalSection(ExtensibilityGlobals) = postSolution
		SolutionGuid = {F90D9EBD-745C-4137-8380-6E94F523BB31}
	EndGlobalSection
EndGlobal
