
Microsoft Visual Studio Solution File, Format Version 12.00
# Visual Studio Version 17
VisualStudioVersion = 17.14.37328.6 d17.14
MinimumVisualStudioVersion = 10.0.40219.1
Project("{FAE04EC0-301F-11D3-BF4B-00C04F79EFBC}") = "WinFormApp", "WinFormApp\WinFormApp.csproj", "{39904AE9-86CD-4BC4-AD61-AE1B2442DC32}"
EndProject
Global
	GlobalSection(SolutionConfigurationPlatforms) = preSolution
		Debug|Any CPU = Debug|Any CPU
		Release|Any CPU = Release|Any CPU
	EndGlobalSection
	GlobalSection(ProjectConfigurationPlatforms) = postSolution
		{39904AE9-86CD-4BC4-AD61-AE1B2442DC32}.Debug|Any CPU.ActiveCfg = Debug|Any CPU
		{39904AE9-86CD-4BC4-AD61-AE1B2442DC32}.Debug|Any CPU.Build.0 = Debug|Any CPU
		{39904AE9-86CD-4BC4-AD61-AE1B2442DC32}.Release|Any CPU.ActiveCfg = Release|Any CPU
		{39904AE9-86CD-4BC4-AD61-AE1B2442DC32}.Release|Any CPU.Build.0 = Release|Any CPU
	EndGlobalSection
	GlobalSection(SolutionProperties) = preSolution
		HideSolutionNode = FALSE
	EndGlobalSection
	GlobalSection(ExtensibilityGlobals) = postSolution
		SolutionGuid = {771A8A82-2D30-4327-A063-36D8B5C8B22A}
	EndGlobalSection
EndGlobal
