
Microsoft Visual Studio Solution File, Format Version 12.00
# Visual Studio Version 17
VisualStudioVersion = 17.14.37328.6
MinimumVisualStudioVersion = 10.0.40219.1
Project("{FAE04EC0-301F-11D3-BF4B-00C04F79EFBC}") = "arrayExercise", "arrayExercise\arrayExercise.csproj", "{901DBAB7-3804-4720-9635-E7EC002A8DE3}"
EndProject
Project("{FAE04EC0-301F-11D3-BF4B-00C04F79EFBC}") = "p5", "p5\p5.csproj", "{6169D7D0-4B28-C85C-988E-1DCD9D878D74}"
EndProject
Project("{FAE04EC0-301F-11D3-BF4B-00C04F79EFBC}") = "p6", "p6\p6.csproj", "{DBEEF577-8D25-4305-ADF8-0074B4EB2822}"
EndProject
Project("{FAE04EC0-301F-11D3-BF4B-00C04F79EFBC}") = "冒泡排序", "冒泡排序\冒泡排序.csproj", "{FD790ED1-BCB1-4F3C-8466-19CA031E4F47}"
EndProject
Project("{FAE04EC0-301F-11D3-BF4B-00C04F79EFBC}") = "p7", "p7\p7.csproj", "{F103F251-7AFE-4CFA-9C41-4AAE93906192}"
EndProject
Project("{FAE04EC0-301F-11D3-BF4B-00C04F79EFBC}") = "p8", "p8\p8.csproj", "{87EFC2B3-7836-44A0-90D7-1CB69B56A780}"
EndProject
Global
	GlobalSection(SolutionConfigurationPlatforms) = preSolution
		Debug|Any CPU = Debug|Any CPU
		Release|Any CPU = Release|Any CPU
	EndGlobalSection
	GlobalSection(ProjectConfigurationPlatforms) = postSolution
		{901DBAB7-3804-4720-9635-E7EC002A8DE3}.Debug|Any CPU.ActiveCfg = Debug|Any CPU
		{901DBAB7-3804-4720-9635-E7EC002A8DE3}.Debug|Any CPU.Build.0 = Debug|Any CPU
		{901DBAB7-3804-4720-9635-E7EC002A8DE3}.Release|Any CPU.ActiveCfg = Release|Any CPU
		{901DBAB7-3804-4720-9635-E7EC002A8DE3}.Release|Any CPU.Build.0 = Release|Any CPU
		{6169D7D0-4B28-C85C-988E-1DCD9D878D74}.Debug|Any CPU.ActiveCfg = Debug|Any CPU
		{6169D7D0-4B28-C85C-988E-1DCD9D878D74}.Debug|Any CPU.Build.0 = Debug|Any CPU
		{6169D7D0-4B28-C85C-988E-1DCD9D878D74}.Release|Any CPU.ActiveCfg = Release|Any CPU
		{6169D7D0-4B28-C85C-988E-1DCD9D878D74}.Release|Any CPU.Build.0 = Release|Any CPU
		{DBEEF577-8D25-4305-ADF8-0074B4EB2822}.Debug|Any CPU.ActiveCfg = Debug|Any CPU
		{DBEEF577-8D25-4305-ADF8-0074B4EB2822}.Debug|Any CPU.Build.0 = Debug|Any CPU
		{DBEEF577-8D25-4305-ADF8-0074B4EB2822}.Release|Any CPU.ActiveCfg = Release|Any CPU
		{DBEEF577-8D25-4305-ADF8-0074B4EB2822}.Release|Any CPU.Build.0 = Release|Any CPU
		{FD790ED1-BCB1-4F3C-8466-19CA031E4F47}.Debug|Any CPU.ActiveCfg = Debug|Any CPU
		{FD790ED1-BCB1-4F3C-8466-19CA031E4F47}.Debug|Any CPU.Build.0 = Debug|Any CPU
		{FD790ED1-BCB1-4F3C-8466-19CA031E4F47}.Release|Any CPU.ActiveCfg = Release|Any CPU
		{FD790ED1-BCB1-4F3C-8466-19CA031E4F47}.Release|Any CPU.Build.0 = Release|Any CPU
		{F103F251-7AFE-4CFA-9C41-4AAE93906192}.Debug|Any CPU.ActiveCfg = Debug|Any CPU
		{F103F251-7AFE-4CFA-9C41-4AAE93906192}.Debug|Any CPU.Build.0 = Debug|Any CPU
		{F103F251-7AFE-4CFA-9C41-4AAE93906192}.Release|Any CPU.ActiveCfg = Release|Any CPU
		{F103F251-7AFE-4CFA-9C41-4AAE93906192}.Release|Any CPU.Build.0 = Release|Any CPU
		{87EFC2B3-7836-44A0-90D7-1CB69B56A780}.Debug|Any CPU.ActiveCfg = Debug|Any CPU
		{87EFC2B3-7836-44A0-90D7-1CB69B56A780}.Debug|Any CPU.Build.0 = Debug|Any CPU
		{87EFC2B3-7836-44A0-90D7-1CB69B56A780}.Release|Any CPU.ActiveCfg = Release|Any CPU
		{87EFC2B3-7836-44A0-90D7-1CB69B56A780}.Release|Any CPU.Build.0 = Release|Any CPU
	EndGlobalSection
	GlobalSection(SolutionProperties) = preSolution
		HideSolutionNode = FALSE
	EndGlobalSection
	GlobalSection(ExtensibilityGlobals) = postSolution
		SolutionGuid = {0EDF2758-E4C2-43DF-AB64-E045A1B01EA7}
	EndGlobalSection
EndGlobal
