
Microsoft Visual Studio Solution File, Format Version 12.00
# Visual Studio Version 17
VisualStudioVersion = 17.5.2.0
MinimumVisualStudioVersion = 10.0.40219.1
Project("{FAE04EC0-301F-11D3-BF4B-00C04F79EFBC}") = "类和对象入门", "类和对象入门.csproj", "{8349D860-0BA8-D3CB-569A-BF5C6B3EE733}"
EndProject
Global
	GlobalSection(SolutionConfigurationPlatforms) = preSolution
		Debug|Any CPU = Debug|Any CPU
		Release|Any CPU = Release|Any CPU
	EndGlobalSection
	GlobalSection(ProjectConfigurationPlatforms) = postSolution
		{8349D860-0BA8-D3CB-569A-BF5C6B3EE733}.Debug|Any CPU.ActiveCfg = Debug|Any CPU
		{8349D860-0BA8-D3CB-569A-BF5C6B3EE733}.Debug|Any CPU.Build.0 = Debug|Any CPU
		{8349D860-0BA8-D3CB-569A-BF5C6B3EE733}.Release|Any CPU.ActiveCfg = Release|Any CPU
		{8349D860-0BA8-D3CB-569A-BF5C6B3EE733}.Release|Any CPU.Build.0 = Release|Any CPU
	EndGlobalSection
	GlobalSection(SolutionProperties) = preSolution
		HideSolutionNode = FALSE
	EndGlobalSection
	GlobalSection(ExtensibilityGlobals) = postSolution
		SolutionGuid = {09065DFE-C734-442C-903B-E5B4FD7E7BB2}
	EndGlobalSection
EndGlobal
