Microsoft Visual Studio Solution File, Format Version 12.00
# Visual Studio Version 17
VisualStudioVersion = 17.5.2.0
MinimumVisualStudioVersion = 10.0.40219.1
Project("{2150E333-8FDC-42A3-9474-1A3956D46DE8}") = "Solution", "Solution", "{284B0C48-6525-F3F5-CD5D-7841BD44174A}"
EndProject
Project("{2150E333-8FDC-42A3-9474-1A3956D46DE8}") = "Starter", "Starter", "{5D6F351A-6629-B7F4-AAEF-5AAE92D8C891}"
EndProject
Project("{FAE04EC0-301F-11D3-BF4B-00C04F79EFBC}") = "Reuse_M1", "Solution\Reuse_M1.csproj", "{E7D039B6-16A7-3405-8D56-A382DD94F622}"
EndProject
Project("{FAE04EC0-301F-11D3-BF4B-00C04F79EFBC}") = "Reuse_M1", "Starter\Reuse_M1.csproj", "{9790F323-B662-E313-F1DF-7DDF1375D3EF}"
EndProject
Global
	GlobalSection(SolutionConfigurationPlatforms) = preSolution
		Debug|Any CPU = Debug|Any CPU
		Release|Any CPU = Release|Any CPU
	EndGlobalSection
	GlobalSection(ProjectConfigurationPlatforms) = postSolution
		{E7D039B6-16A7-3405-8D56-A382DD94F622}.Debug|Any CPU.ActiveCfg = Debug|Any CPU
		{E7D039B6-16A7-3405-8D56-A382DD94F622}.Debug|Any CPU.Build.0 = Debug|Any CPU
		{E7D039B6-16A7-3405-8D56-A382DD94F622}.Release|Any CPU.ActiveCfg = Release|Any CPU
		{E7D039B6-16A7-3405-8D56-A382DD94F622}.Release|Any CPU.Build.0 = Release|Any CPU
		{9790F323-B662-E313-F1DF-7DDF1375D3EF}.Debug|Any CPU.ActiveCfg = Debug|Any CPU
		{9790F323-B662-E313-F1DF-7DDF1375D3EF}.Debug|Any CPU.Build.0 = Debug|Any CPU
		{9790F323-B662-E313-F1DF-7DDF1375D3EF}.Release|Any CPU.ActiveCfg = Release|Any CPU
		{9790F323-B662-E313-F1DF-7DDF1375D3EF}.Release|Any CPU.Build.0 = Release|Any CPU
	EndGlobalSection
	GlobalSection(SolutionProperties) = preSolution
		HideSolutionNode = FALSE
	EndGlobalSection
	GlobalSection(NestedProjects) = preSolution
		{E7D039B6-16A7-3405-8D56-A382DD94F622} = {284B0C48-6525-F3F5-CD5D-7841BD44174A}
		{9790F323-B662-E313-F1DF-7DDF1375D3EF} = {5D6F351A-6629-B7F4-AAEF-5AAE92D8C891}
	EndGlobalSection
	GlobalSection(ExtensibilityGlobals) = postSolution
		SolutionGuid = {537A6B52-5B0F-40A8-AA51-34DCE8053AF6}
	EndGlobalSection
EndGlobal
