
Microsoft Visual Studio Solution File, Format Version 12.00
# Visual Studio Version 17
VisualStudioVersion = 17.5.2.0
MinimumVisualStudioVersion = 10.0.40219.1
Project("{FAE04EC0-301F-11D3-BF4B-00C04F79EFBC}") = "项目1", "项目1\项目1.csproj", "{F417850E-DE93-2DB8-B082-3019CA19A11B}"
EndProject
Global
	GlobalSection(SolutionConfigurationPlatforms) = preSolution
		Debug|Any CPU = Debug|Any CPU
		Release|Any CPU = Release|Any CPU
	EndGlobalSection
	GlobalSection(ProjectConfigurationPlatforms) = postSolution
		{F417850E-DE93-2DB8-B082-3019CA19A11B}.Debug|Any CPU.ActiveCfg = Debug|Any CPU
		{F417850E-DE93-2DB8-B082-3019CA19A11B}.Debug|Any CPU.Build.0 = Debug|Any CPU
		{F417850E-DE93-2DB8-B082-3019CA19A11B}.Release|Any CPU.ActiveCfg = Release|Any CPU
		{F417850E-DE93-2DB8-B082-3019CA19A11B}.Release|Any CPU.Build.0 = Release|Any CPU
	EndGlobalSection
	GlobalSection(SolutionProperties) = preSolution
		HideSolutionNode = FALSE
	EndGlobalSection
	GlobalSection(ExtensibilityGlobals) = postSolution
		SolutionGuid = {9653E992-41F0-416C-8829-9F92B29AB8B6}
	EndGlobalSection
EndGlobal
