
Microsoft Visual Studio Solution File, Format Version 12.00
# Visual Studio Version 17
VisualStudioVersion = 17.14.37216.2 d17.14
MinimumVisualStudioVersion = 10.0.40219.1
Project("{FAE04EC0-301F-11D3-BF4B-00C04F79EFBC}") = "ConsoleUi", "ConsoleUi\ConsoleUi.csproj", "{561820ED-7A14-40E7-B786-ED29354C9634}"
EndProject
Project("{FAE04EC0-301F-11D3-BF4B-00C04F79EFBC}") = "GuestBookLibrary", "GuestBookLibrary\GuestBookLibrary.csproj", "{00476C6D-EA5B-4C05-837D-B433DABE6F8D}"
EndProject
Global
	GlobalSection(SolutionConfigurationPlatforms) = preSolution
		Debug|Any CPU = Debug|Any CPU
		Release|Any CPU = Release|Any CPU
	EndGlobalSection
	GlobalSection(ProjectConfigurationPlatforms) = postSolution
		{561820ED-7A14-40E7-B786-ED29354C9634}.Debug|Any CPU.ActiveCfg = Debug|Any CPU
		{561820ED-7A14-40E7-B786-ED29354C9634}.Debug|Any CPU.Build.0 = Debug|Any CPU
		{561820ED-7A14-40E7-B786-ED29354C9634}.Release|Any CPU.ActiveCfg = Release|Any CPU
		{561820ED-7A14-40E7-B786-ED29354C9634}.Release|Any CPU.Build.0 = Release|Any CPU
		{00476C6D-EA5B-4C05-837D-B433DABE6F8D}.Debug|Any CPU.ActiveCfg = Debug|Any CPU
		{00476C6D-EA5B-4C05-837D-B433DABE6F8D}.Debug|Any CPU.Build.0 = Debug|Any CPU
		{00476C6D-EA5B-4C05-837D-B433DABE6F8D}.Release|Any CPU.ActiveCfg = Release|Any CPU
		{00476C6D-EA5B-4C05-837D-B433DABE6F8D}.Release|Any CPU.Build.0 = Release|Any CPU
	EndGlobalSection
	GlobalSection(SolutionProperties) = preSolution
		HideSolutionNode = FALSE
	EndGlobalSection
	GlobalSection(ExtensibilityGlobals) = postSolution
		SolutionGuid = {12ADEAB6-0E00-477E-8AEB-584F1F2C640F}
	EndGlobalSection
EndGlobal
