Microsoft Visual Studio Solution File, Format Version 12.00
# Visual Studio Version 17
VisualStudioVersion = 17.5.2.0
MinimumVisualStudioVersion = 10.0.40219.1
Project("{FAE04EC0-301F-11D3-BF4B-00C04F79EFBC}") = "SCode", "SCode\SCode.csproj", "{C05C90FD-6BCD-56F3-2181-4D86439D4741}"
EndProject
Global
	GlobalSection(SolutionConfigurationPlatforms) = preSolution
		Debug|Any CPU = Debug|Any CPU
		Release|Any CPU = Release|Any CPU
	EndGlobalSection
	GlobalSection(ProjectConfigurationPlatforms) = postSolution
		{C05C90FD-6BCD-56F3-2181-4D86439D4741}.Debug|Any CPU.ActiveCfg = Debug|Any CPU
		{C05C90FD-6BCD-56F3-2181-4D86439D4741}.Debug|Any CPU.Build.0 = Debug|Any CPU
		{C05C90FD-6BCD-56F3-2181-4D86439D4741}.Release|Any CPU.ActiveCfg = Release|Any CPU
		{C05C90FD-6BCD-56F3-2181-4D86439D4741}.Release|Any CPU.Build.0 = Release|Any CPU
	EndGlobalSection
	GlobalSection(SolutionProperties) = preSolution
		HideSolutionNode = FALSE
	EndGlobalSection
	GlobalSection(ExtensibilityGlobals) = postSolution
		SolutionGuid = {AAF01358-6D7A-4BD1-ADE0-13F6D7A3770E}
	EndGlobalSection
EndGlobal
