Microsoft Visual Studio Solution File, Format Version 12.00
# Visual Studio Version 17
VisualStudioVersion = 17.5.2.0
MinimumVisualStudioVersion = 10.0.40219.1
Project("{2150E333-8FDC-42A3-9474-1A3956D46DE8}") = "Challenge-project-Create-methods-in-CSharp-main", "Challenge-project-Create-methods-in-CSharp-main", "{2C914B8D-0BF6-3345-ED37-F9F7022643CF}"
EndProject
Project("{FAE04EC0-301F-11D3-BF4B-00C04F79EFBC}") = "Final", "Challenge-project-Create-methods-in-CSharp-main\Final\Final.csproj", "{7A9EF9BA-D83D-3CD1-CF32-B93AC6C8A5E8}"
EndProject
Project("{FAE04EC0-301F-11D3-BF4B-00C04F79EFBC}") = "Starter", "Challenge-project-Create-methods-in-CSharp-main\Starter\Starter.csproj", "{AE386665-6CEF-F7F3-3452-98F3EEA47DD4}"
EndProject
Global
	GlobalSection(SolutionConfigurationPlatforms) = preSolution
		Debug|Any CPU = Debug|Any CPU
		Release|Any CPU = Release|Any CPU
	EndGlobalSection
	GlobalSection(ProjectConfigurationPlatforms) = postSolution
		{7A9EF9BA-D83D-3CD1-CF32-B93AC6C8A5E8}.Debug|Any CPU.ActiveCfg = Debug|Any CPU
		{7A9EF9BA-D83D-3CD1-CF32-B93AC6C8A5E8}.Debug|Any CPU.Build.0 = Debug|Any CPU
		{7A9EF9BA-D83D-3CD1-CF32-B93AC6C8A5E8}.Release|Any CPU.ActiveCfg = Release|Any CPU
		{7A9EF9BA-D83D-3CD1-CF32-B93AC6C8A5E8}.Release|Any CPU.Build.0 = Release|Any CPU
		{AE386665-6CEF-F7F3-3452-98F3EEA47DD4}.Debug|Any CPU.ActiveCfg = Debug|Any CPU
		{AE386665-6CEF-F7F3-3452-98F3EEA47DD4}.Debug|Any CPU.Build.0 = Debug|Any CPU
		{AE386665-6CEF-F7F3-3452-98F3EEA47DD4}.Release|Any CPU.ActiveCfg = Release|Any CPU
		{AE386665-6CEF-F7F3-3452-98F3EEA47DD4}.Release|Any CPU.Build.0 = Release|Any CPU
	EndGlobalSection
	GlobalSection(SolutionProperties) = preSolution
		HideSolutionNode = FALSE
	EndGlobalSection
	GlobalSection(NestedProjects) = preSolution
		{7A9EF9BA-D83D-3CD1-CF32-B93AC6C8A5E8} = {2C914B8D-0BF6-3345-ED37-F9F7022643CF}
		{AE386665-6CEF-F7F3-3452-98F3EEA47DD4} = {2C914B8D-0BF6-3345-ED37-F9F7022643CF}
	EndGlobalSection
	GlobalSection(ExtensibilityGlobals) = postSolution
		SolutionGuid = {CB50214A-B29C-4DED-B983-4A1BDA6617D4}
	EndGlobalSection
EndGlobal
